// !$*UTF8*$!
{
	archiveVersion = 1;
	classes = {
	};
	objectVersion = 56;
	objects = {

/* Begin PBXBuildFile section */
		7E01B2472AB653C7005D5F7B /* ExpenseView.swift in Sources */ = {isa = PBXBuildFile; fileRef = 7E01B2462AB653C7005D5F7B /* ExpenseView.swift */; };
		7E073C912ADD885A00F3DD1C /* GroupsView.swift in Sources */ = {isa = PBXBuildFile; fileRef = 7E073C902ADD885A00F3DD1C /* GroupsView.swift */; };
		7E073C932ADD8B0900F3DD1C /* GroupInfo.swift in Sources */ = {isa = PBXBuildFile; fileRef = 7E073C922ADD8B0900F3DD1C /* GroupInfo.swift */; };
		7E073C952ADD8C9B00F3DD1C /* GroupsSupabaseManager.swift in Sources */ = {isa = PBXBuildFile; fileRef = 7E073C942ADD8C9B00F3DD1C /* GroupsSupabaseManager.swift */; };
		7E073C992ADD8CCF00F3DD1C /* UserSupabaseManager.swift in Sources */ = {isa = PBXBuildFile; fileRef = 7E073C982ADD8CCF00F3DD1C /* UserSupabaseManager.swift */; };
		7E073C9B2ADD8D6A00F3DD1C /* ActivitySupabaseManager.swift in Sources */ = {isa = PBXBuildFile; fileRef = 7E073C9A2ADD8D6A00F3DD1C /* ActivitySupabaseManager.swift */; };
		7E073C9D2ADD8EDE00F3DD1C /* ExpenseSupabaseManager.swift in Sources */ = {isa = PBXBuildFile; fileRef = 7E073C9C2ADD8EDE00F3DD1C /* ExpenseSupabaseManager.swift */; };
		7E0E983F2ABA109400AA974D /* Supabase in Frameworks */ = {isa = PBXBuildFile; productRef = 7E0E983E2ABA109400AA974D /* Supabase */; };
		7E0E98422ABA111100AA974D /* SupabaseManager.swift in Sources */ = {isa = PBXBuildFile; fileRef = 7E0E98412ABA111100AA974D /* SupabaseManager.swift */; };
		7E0E98442ABA141400AA974D /* AuthenticationViewModel.swift in Sources */ = {isa = PBXBuildFile; fileRef = 7E0E98432ABA141400AA974D /* AuthenticationViewModel.swift */; };
		7E0E98482ABA1E5700AA974D /* UserInfo.swift in Sources */ = {isa = PBXBuildFile; fileRef = 7E0E98472ABA1E5700AA974D /* UserInfo.swift */; };
		7E0E98512ABBA27E00AA974D /* UserFriend.swift in Sources */ = {isa = PBXBuildFile; fileRef = 7E0E98502ABBA27E00AA974D /* UserFriend.swift */; };
		7E20F4222AB7754B009DAB58 /* Color.swift in Sources */ = {isa = PBXBuildFile; fileRef = 7E20F4212AB7754B009DAB58 /* Color.swift */; };
		7E24D1492AC5FB5E003D9E51 /* Supabase in Frameworks */ = {isa = PBXBuildFile; productRef = 7E24D1482AC5FB5E003D9E51 /* Supabase */; };
		7E29B5852AEC3CC300991F84 /* AnimatedCheckmark.swift in Sources */ = {isa = PBXBuildFile; fileRef = 7E29B5842AEC3CC300991F84 /* AnimatedCheckmark.swift */; };
		7E2A2D072ADDAAD300365C04 /* TransactionsScrollView.swift in Sources */ = {isa = PBXBuildFile; fileRef = 7E2A2D062ADDAAD300365C04 /* TransactionsScrollView.swift */; };
		7E2A2D0A2ADDC33900365C04 /* CreateGroupView.swift in Sources */ = {isa = PBXBuildFile; fileRef = 7E2A2D092ADDC33900365C04 /* CreateGroupView.swift */; };
		7E35CF992AE0623200CF2C02 /* EditGroupView.swift in Sources */ = {isa = PBXBuildFile; fileRef = 7E35CF982AE0623200CF2C02 /* EditGroupView.swift */; };
		7E48D16D2AE1903100C29750 /* Model.swift in Sources */ = {isa = PBXBuildFile; fileRef = 7E48D16C2AE1903100C29750 /* Model.swift */; };
		7E4B2DEC2AA0FEAC00967E3E /* LaunchView.swift in Sources */ = {isa = PBXBuildFile; fileRef = 7E4B2DEB2AA0FEAC00967E3E /* LaunchView.swift */; };
		7E4B2DEE2AA0FFDF00967E3E /* WelcomeView.swift in Sources */ = {isa = PBXBuildFile; fileRef = 7E4B2DED2AA0FFDF00967E3E /* WelcomeView.swift */; };
		7E4B2DF02AA10BB500967E3E /* UserPhotoView.swift in Sources */ = {isa = PBXBuildFile; fileRef = 7E4B2DEF2AA10BB500967E3E /* UserPhotoView.swift */; };
		7E4B2DF22AA1417400967E3E /* UIImage.swift in Sources */ = {isa = PBXBuildFile; fileRef = 7E4B2DF12AA1417400967E3E /* UIImage.swift */; };
		7E4B2DF52AA1430800967E3E /* AvatarUploadView.swift in Sources */ = {isa = PBXBuildFile; fileRef = 7E4B2DF42AA1430800967E3E /* AvatarUploadView.swift */; };
		7E4B4D042AE5B19D00095D0E /* VStackList.swift in Sources */ = {isa = PBXBuildFile; fileRef = 7E4B4D032AE5B19D00095D0E /* VStackList.swift */; };
		7E4B4D062AE5C92E00095D0E /* FriendOverviewView.swift in Sources */ = {isa = PBXBuildFile; fileRef = 7E4B4D052AE5C92E00095D0E /* FriendOverviewView.swift */; };
		7E4B4D082AE5DACD00095D0E /* TransactionsByMonth.swift in Sources */ = {isa = PBXBuildFile; fileRef = 7E4B4D072AE5DACD00095D0E /* TransactionsByMonth.swift */; };
		7E4E7DB22AB643CB004D6617 /* StatusBarColorModifier.swift in Sources */ = {isa = PBXBuildFile; fileRef = 7E4E7DB12AB643CB004D6617 /* StatusBarColorModifier.swift */; };
		7E532D6F2AF0052700B2E72F /* ToastViewModifier.swift in Sources */ = {isa = PBXBuildFile; fileRef = 7E532D6E2AF0052700B2E72F /* ToastViewModifier.swift */; };
		7E532D712AF0055C00B2E72F /* View.swift in Sources */ = {isa = PBXBuildFile; fileRef = 7E532D702AF0055C00B2E72F /* View.swift */; };
		7E532D732AF0058600B2E72F /* AlertView.swift in Sources */ = {isa = PBXBuildFile; fileRef = 7E532D722AF0058600B2E72F /* AlertView.swift */; };
		7E532D762AF005F800B2E72F /* ToastManager.swift in Sources */ = {isa = PBXBuildFile; fileRef = 7E532D752AF005F800B2E72F /* ToastManager.swift */; };
		7E532D7D2AF01EAA00B2E72F /* LoadingState.swift in Sources */ = {isa = PBXBuildFile; fileRef = 7E532D7C2AF01EAA00B2E72F /* LoadingState.swift */; };
		7E6270A12A9D26AC006067CD /* AuthenticationView.swift in Sources */ = {isa = PBXBuildFile; fileRef = 7E6270A02A9D26AC006067CD /* AuthenticationView.swift */; };
		7E6270A52A9D529E006067CD /* SettingsView.swift in Sources */ = {isa = PBXBuildFile; fileRef = 7E6270A42A9D529E006067CD /* SettingsView.swift */; };
		7E6270B12A9E788F006067CD /* Debt.swift in Sources */ = {isa = PBXBuildFile; fileRef = 7E6270B02A9E788F006067CD /* Debt.swift */; };
		7E6270B32A9E807D006067CD /* Expense.swift in Sources */ = {isa = PBXBuildFile; fileRef = 7E6270B22A9E807D006067CD /* Expense.swift */; };
		7E6270B52A9E8883006067CD /* CreateExpenseView.swift in Sources */ = {isa = PBXBuildFile; fileRef = 7E6270B42A9E8883006067CD /* CreateExpenseView.swift */; };
		7E6270B72A9E8DE6006067CD /* TransactionsView.swift in Sources */ = {isa = PBXBuildFile; fileRef = 7E6270B62A9E8DE6006067CD /* TransactionsView.swift */; };
		7E6270BD2A9EA58A006067CD /* SignUpView.swift in Sources */ = {isa = PBXBuildFile; fileRef = 7E6270BC2A9EA58A006067CD /* SignUpView.swift */; };
		7E6270BF2A9EB1C7006067CD /* LoginView.swift in Sources */ = {isa = PBXBuildFile; fileRef = 7E6270BE2A9EB1C7006067CD /* LoginView.swift */; };
		7E6270C12A9EC282006067CD /* FriendsView.swift in Sources */ = {isa = PBXBuildFile; fileRef = 7E6270C02A9EC282006067CD /* FriendsView.swift */; };
		7E6270C52A9ED78B006067CD /* QueryUsersView.swift in Sources */ = {isa = PBXBuildFile; fileRef = 7E6270C42A9ED78B006067CD /* QueryUsersView.swift */; };
		7E66E6F82ADC452100E6D552 /* CurrencyTextField.swift in Sources */ = {isa = PBXBuildFile; fileRef = 7E66E6F72ADC452100E6D552 /* CurrencyTextField.swift */; };
		7E67A7922A6B4704001E0C23 /* HomeView.swift in Sources */ = {isa = PBXBuildFile; fileRef = 7E67A7912A6B4704001E0C23 /* HomeView.swift */; };
		7E6CFAF12ADD9C5900639E80 /* GroupView.swift in Sources */ = {isa = PBXBuildFile; fileRef = 7E6CFAF02ADD9C5900639E80 /* GroupView.swift */; };
		7E7A78C52A9FB73800A215FC /* ProfileView.swift in Sources */ = {isa = PBXBuildFile; fileRef = 7E7A78C42A9FB73800A215FC /* ProfileView.swift */; };
		7E7A78C82A9FBA0700A215FC /* CornerRadiusShape.swift in Sources */ = {isa = PBXBuildFile; fileRef = 7E7A78C72A9FBA0700A215FC /* CornerRadiusShape.swift */; };
		7E8025902AC653F1005D284D /* Activity.swift in Sources */ = {isa = PBXBuildFile; fileRef = 7E80258F2AC653F1005D284D /* Activity.swift */; };
		7E8025922AC65E8D005D284D /* ActivityView.swift in Sources */ = {isa = PBXBuildFile; fileRef = 7E8025912AC65E8D005D284D /* ActivityView.swift */; };
		7E90FA412ADC8D4D00F1B2CE /* TransactionView.swift in Sources */ = {isa = PBXBuildFile; fileRef = 7E90FA402ADC8D4D00F1B2CE /* TransactionView.swift */; };
		7E9357982AE2C1C200F7950F /* UserBalanceView.swift in Sources */ = {isa = PBXBuildFile; fileRef = 7E9357972AE2C1C200F7950F /* UserBalanceView.swift */; };
		7E93579A2AE2C61300F7950F /* Balance.swift in Sources */ = {isa = PBXBuildFile; fileRef = 7E9357992AE2C61300F7950F /* Balance.swift */; };
		7E93579C2AE2E04500F7950F /* Payment.swift in Sources */ = {isa = PBXBuildFile; fileRef = 7E93579B2AE2E04500F7950F /* Payment.swift */; };
		7EB7CFDF2A5F75B3000B04FE /* CeleryApp.swift in Sources */ = {isa = PBXBuildFile; fileRef = 7EB7CFDE2A5F75B3000B04FE /* CeleryApp.swift */; };
		7EB7CFE12A5F75B3000B04FE /* ContentView.swift in Sources */ = {isa = PBXBuildFile; fileRef = 7EB7CFE02A5F75B3000B04FE /* ContentView.swift */; };
		7EB7CFE32A5F75B4000B04FE /* Assets.xcassets in Resources */ = {isa = PBXBuildFile; fileRef = 7EB7CFE22A5F75B4000B04FE /* Assets.xcassets */; };
		7EB7CFE62A5F75B4000B04FE /* Preview Assets.xcassets in Resources */ = {isa = PBXBuildFile; fileRef = 7EB7CFE52A5F75B4000B04FE /* Preview Assets.xcassets */; };
		7EBB04652AA2948500057123 /* Category.swift in Sources */ = {isa = PBXBuildFile; fileRef = 7EBB04642AA2948500057123 /* Category.swift */; };
		7EC593C42AEAAD2000F8664E /* AuthHelper.swift in Sources */ = {isa = PBXBuildFile; fileRef = 7EC593C32AEAAD2000F8664E /* AuthHelper.swift */; };
		7EC593C62AEAC1DD00F8664E /* VerifyAccountView.swift in Sources */ = {isa = PBXBuildFile; fileRef = 7EC593C52AEAC1DD00F8664E /* VerifyAccountView.swift */; };
		7ED4938A2AC36D4A003F5B2C /* UserSplitView.swift in Sources */ = {isa = PBXBuildFile; fileRef = 7ED493892AC36D4A003F5B2C /* UserSplitView.swift */; };
		7ED926D82AC9E2DA00BDE2B8 /* PayView.swift in Sources */ = {isa = PBXBuildFile; fileRef = 7ED926D72AC9E2DA00BDE2B8 /* PayView.swift */; };
		7EECB8042AC21A8A0026A9B8 /* CategoryPickerView.swift in Sources */ = {isa = PBXBuildFile; fileRef = 7EECB8032AC21A8A0026A9B8 /* CategoryPickerView.swift */; };
		7EECB8072AC21B030026A9B8 /* CreateExpenseDetailsView.swift in Sources */ = {isa = PBXBuildFile; fileRef = 7EECB8062AC21B030026A9B8 /* CreateExpenseDetailsView.swift */; };
		7EECB8092AC21DCE0026A9B8 /* CreateExpenseSplitView.swift in Sources */ = {isa = PBXBuildFile; fileRef = 7EECB8082AC21DCE0026A9B8 /* CreateExpenseSplitView.swift */; };
		7EECB80B2AC222820026A9B8 /* AtomView.swift in Sources */ = {isa = PBXBuildFile; fileRef = 7EECB80A2AC222820026A9B8 /* AtomView.swift */; };
		7EF7B2462AC0C26700BB1CFA /* ColorSchemeViewModifier.swift in Sources */ = {isa = PBXBuildFile; fileRef = 7EF7B2452AC0C26700BB1CFA /* ColorSchemeViewModifier.swift */; };
		7EF7B2482AC0D05400BB1CFA /* SelectUsersView.swift in Sources */ = {isa = PBXBuildFile; fileRef = 7EF7B2472AC0D05400BB1CFA /* SelectUsersView.swift */; };
/* End PBXBuildFile section */

/* Begin PBXFileReference section */
		7E01B2462AB653C7005D5F7B /* ExpenseView.swift */ = {isa = PBXFileReference; lastKnownFileType = sourcecode.swift; path = ExpenseView.swift; sourceTree = "<group>"; };
		7E073C902ADD885A00F3DD1C /* GroupsView.swift */ = {isa = PBXFileReference; lastKnownFileType = sourcecode.swift; path = GroupsView.swift; sourceTree = "<group>"; };
		7E073C922ADD8B0900F3DD1C /* GroupInfo.swift */ = {isa = PBXFileReference; lastKnownFileType = sourcecode.swift; path = GroupInfo.swift; sourceTree = "<group>"; };
		7E073C942ADD8C9B00F3DD1C /* GroupsSupabaseManager.swift */ = {isa = PBXFileReference; lastKnownFileType = sourcecode.swift; path = GroupsSupabaseManager.swift; sourceTree = "<group>"; };
		7E073C982ADD8CCF00F3DD1C /* UserSupabaseManager.swift */ = {isa = PBXFileReference; lastKnownFileType = sourcecode.swift; path = UserSupabaseManager.swift; sourceTree = "<group>"; };
		7E073C9A2ADD8D6A00F3DD1C /* ActivitySupabaseManager.swift */ = {isa = PBXFileReference; lastKnownFileType = sourcecode.swift; path = ActivitySupabaseManager.swift; sourceTree = "<group>"; };
		7E073C9C2ADD8EDE00F3DD1C /* ExpenseSupabaseManager.swift */ = {isa = PBXFileReference; lastKnownFileType = sourcecode.swift; path = ExpenseSupabaseManager.swift; sourceTree = "<group>"; };
		7E0E98412ABA111100AA974D /* SupabaseManager.swift */ = {isa = PBXFileReference; lastKnownFileType = sourcecode.swift; path = SupabaseManager.swift; sourceTree = "<group>"; };
		7E0E98432ABA141400AA974D /* AuthenticationViewModel.swift */ = {isa = PBXFileReference; lastKnownFileType = sourcecode.swift; path = AuthenticationViewModel.swift; sourceTree = "<group>"; };
		7E0E98472ABA1E5700AA974D /* UserInfo.swift */ = {isa = PBXFileReference; lastKnownFileType = sourcecode.swift; path = UserInfo.swift; sourceTree = "<group>"; };
		7E0E98502ABBA27E00AA974D /* UserFriend.swift */ = {isa = PBXFileReference; lastKnownFileType = sourcecode.swift; path = UserFriend.swift; sourceTree = "<group>"; };
		7E20F4212AB7754B009DAB58 /* Color.swift */ = {isa = PBXFileReference; lastKnownFileType = sourcecode.swift; path = Color.swift; sourceTree = "<group>"; };
		7E29B5842AEC3CC300991F84 /* AnimatedCheckmark.swift */ = {isa = PBXFileReference; lastKnownFileType = sourcecode.swift; path = AnimatedCheckmark.swift; sourceTree = "<group>"; };
		7E2A2D062ADDAAD300365C04 /* TransactionsScrollView.swift */ = {isa = PBXFileReference; lastKnownFileType = sourcecode.swift; path = TransactionsScrollView.swift; sourceTree = "<group>"; };
		7E2A2D092ADDC33900365C04 /* CreateGroupView.swift */ = {isa = PBXFileReference; lastKnownFileType = sourcecode.swift; path = CreateGroupView.swift; sourceTree = "<group>"; };
		7E35CF982AE0623200CF2C02 /* EditGroupView.swift */ = {isa = PBXFileReference; lastKnownFileType = sourcecode.swift; path = EditGroupView.swift; sourceTree = "<group>"; };
		7E48D16C2AE1903100C29750 /* Model.swift */ = {isa = PBXFileReference; lastKnownFileType = sourcecode.swift; path = Model.swift; sourceTree = "<group>"; };
		7E4B2DEB2AA0FEAC00967E3E /* LaunchView.swift */ = {isa = PBXFileReference; lastKnownFileType = sourcecode.swift; path = LaunchView.swift; sourceTree = "<group>"; };
		7E4B2DED2AA0FFDF00967E3E /* WelcomeView.swift */ = {isa = PBXFileReference; lastKnownFileType = sourcecode.swift; path = WelcomeView.swift; sourceTree = "<group>"; };
		7E4B2DEF2AA10BB500967E3E /* UserPhotoView.swift */ = {isa = PBXFileReference; lastKnownFileType = sourcecode.swift; path = UserPhotoView.swift; sourceTree = "<group>"; };
		7E4B2DF12AA1417400967E3E /* UIImage.swift */ = {isa = PBXFileReference; lastKnownFileType = sourcecode.swift; path = UIImage.swift; sourceTree = "<group>"; };
		7E4B2DF42AA1430800967E3E /* AvatarUploadView.swift */ = {isa = PBXFileReference; lastKnownFileType = sourcecode.swift; path = AvatarUploadView.swift; sourceTree = "<group>"; };
		7E4B4D032AE5B19D00095D0E /* VStackList.swift */ = {isa = PBXFileReference; lastKnownFileType = sourcecode.swift; path = VStackList.swift; sourceTree = "<group>"; };
		7E4B4D052AE5C92E00095D0E /* FriendOverviewView.swift */ = {isa = PBXFileReference; lastKnownFileType = sourcecode.swift; path = FriendOverviewView.swift; sourceTree = "<group>"; };
		7E4B4D072AE5DACD00095D0E /* TransactionsByMonth.swift */ = {isa = PBXFileReference; lastKnownFileType = sourcecode.swift; path = TransactionsByMonth.swift; sourceTree = "<group>"; };
		7E4E7DB12AB643CB004D6617 /* StatusBarColorModifier.swift */ = {isa = PBXFileReference; lastKnownFileType = sourcecode.swift; path = StatusBarColorModifier.swift; sourceTree = "<group>"; };
		7E532D6E2AF0052700B2E72F /* ToastViewModifier.swift */ = {isa = PBXFileReference; lastKnownFileType = sourcecode.swift; path = ToastViewModifier.swift; sourceTree = "<group>"; };
		7E532D702AF0055C00B2E72F /* View.swift */ = {isa = PBXFileReference; lastKnownFileType = sourcecode.swift; path = View.swift; sourceTree = "<group>"; };
		7E532D722AF0058600B2E72F /* AlertView.swift */ = {isa = PBXFileReference; lastKnownFileType = sourcecode.swift; path = AlertView.swift; sourceTree = "<group>"; };
		7E532D752AF005F800B2E72F /* ToastManager.swift */ = {isa = PBXFileReference; lastKnownFileType = sourcecode.swift; path = ToastManager.swift; sourceTree = "<group>"; };
		7E532D7C2AF01EAA00B2E72F /* LoadingState.swift */ = {isa = PBXFileReference; lastKnownFileType = sourcecode.swift; path = LoadingState.swift; sourceTree = "<group>"; };
		7E6270A02A9D26AC006067CD /* AuthenticationView.swift */ = {isa = PBXFileReference; lastKnownFileType = sourcecode.swift; path = AuthenticationView.swift; sourceTree = "<group>"; };
		7E6270A32A9D438C006067CD /* Celery.entitlements */ = {isa = PBXFileReference; lastKnownFileType = text.plist.entitlements; path = Celery.entitlements; sourceTree = "<group>"; };
		7E6270A42A9D529E006067CD /* SettingsView.swift */ = {isa = PBXFileReference; lastKnownFileType = sourcecode.swift; path = SettingsView.swift; sourceTree = "<group>"; };
		7E6270AF2A9E57BB006067CD /* Info.plist */ = {isa = PBXFileReference; lastKnownFileType = text.plist; path = Info.plist; sourceTree = "<group>"; };
		7E6270B02A9E788F006067CD /* Debt.swift */ = {isa = PBXFileReference; lastKnownFileType = sourcecode.swift; path = Debt.swift; sourceTree = "<group>"; };
		7E6270B22A9E807D006067CD /* Expense.swift */ = {isa = PBXFileReference; lastKnownFileType = sourcecode.swift; path = Expense.swift; sourceTree = "<group>"; };
		7E6270B42A9E8883006067CD /* CreateExpenseView.swift */ = {isa = PBXFileReference; lastKnownFileType = sourcecode.swift; path = CreateExpenseView.swift; sourceTree = "<group>"; };
		7E6270B62A9E8DE6006067CD /* TransactionsView.swift */ = {isa = PBXFileReference; lastKnownFileType = sourcecode.swift; path = TransactionsView.swift; sourceTree = "<group>"; };
		7E6270BC2A9EA58A006067CD /* SignUpView.swift */ = {isa = PBXFileReference; lastKnownFileType = sourcecode.swift; path = SignUpView.swift; sourceTree = "<group>"; };
		7E6270BE2A9EB1C7006067CD /* LoginView.swift */ = {isa = PBXFileReference; lastKnownFileType = sourcecode.swift; path = LoginView.swift; sourceTree = "<group>"; };
		7E6270C02A9EC282006067CD /* FriendsView.swift */ = {isa = PBXFileReference; lastKnownFileType = sourcecode.swift; path = FriendsView.swift; sourceTree = "<group>"; };
		7E6270C42A9ED78B006067CD /* QueryUsersView.swift */ = {isa = PBXFileReference; lastKnownFileType = sourcecode.swift; path = QueryUsersView.swift; sourceTree = "<group>"; };
		7E66E6F72ADC452100E6D552 /* CurrencyTextField.swift */ = {isa = PBXFileReference; lastKnownFileType = sourcecode.swift; path = CurrencyTextField.swift; sourceTree = "<group>"; };
		7E67A7912A6B4704001E0C23 /* HomeView.swift */ = {isa = PBXFileReference; lastKnownFileType = sourcecode.swift; path = HomeView.swift; sourceTree = "<group>"; };
		7E6CFAF02ADD9C5900639E80 /* GroupView.swift */ = {isa = PBXFileReference; lastKnownFileType = sourcecode.swift; path = GroupView.swift; sourceTree = "<group>"; };
		7E6F5AEF2AC8F0DC00E976CA /* Config.xcconfig */ = {isa = PBXFileReference; lastKnownFileType = text.xcconfig; path = Config.xcconfig; sourceTree = "<group>"; };
		7E7A78C42A9FB73800A215FC /* ProfileView.swift */ = {isa = PBXFileReference; lastKnownFileType = sourcecode.swift; path = ProfileView.swift; sourceTree = "<group>"; };
		7E7A78C72A9FBA0700A215FC /* CornerRadiusShape.swift */ = {isa = PBXFileReference; lastKnownFileType = sourcecode.swift; path = CornerRadiusShape.swift; sourceTree = "<group>"; };
		7E80258F2AC653F1005D284D /* Activity.swift */ = {isa = PBXFileReference; lastKnownFileType = sourcecode.swift; path = Activity.swift; sourceTree = "<group>"; };
		7E8025912AC65E8D005D284D /* ActivityView.swift */ = {isa = PBXFileReference; lastKnownFileType = sourcecode.swift; path = ActivityView.swift; sourceTree = "<group>"; };
		7E90FA402ADC8D4D00F1B2CE /* TransactionView.swift */ = {isa = PBXFileReference; lastKnownFileType = sourcecode.swift; path = TransactionView.swift; sourceTree = "<group>"; };
		7E9357972AE2C1C200F7950F /* UserBalanceView.swift */ = {isa = PBXFileReference; lastKnownFileType = sourcecode.swift; path = UserBalanceView.swift; sourceTree = "<group>"; };
		7E9357992AE2C61300F7950F /* Balance.swift */ = {isa = PBXFileReference; lastKnownFileType = sourcecode.swift; path = Balance.swift; sourceTree = "<group>"; };
		7E93579B2AE2E04500F7950F /* Payment.swift */ = {isa = PBXFileReference; lastKnownFileType = sourcecode.swift; path = Payment.swift; sourceTree = "<group>"; };
		7EB7CFDB2A5F75B3000B04FE /* Celery.app */ = {isa = PBXFileReference; explicitFileType = wrapper.application; includeInIndex = 0; path = Celery.app; sourceTree = BUILT_PRODUCTS_DIR; };
		7EB7CFDE2A5F75B3000B04FE /* CeleryApp.swift */ = {isa = PBXFileReference; lastKnownFileType = sourcecode.swift; path = CeleryApp.swift; sourceTree = "<group>"; };
		7EB7CFE02A5F75B3000B04FE /* ContentView.swift */ = {isa = PBXFileReference; lastKnownFileType = sourcecode.swift; path = ContentView.swift; sourceTree = "<group>"; };
		7EB7CFE22A5F75B4000B04FE /* Assets.xcassets */ = {isa = PBXFileReference; lastKnownFileType = folder.assetcatalog; path = Assets.xcassets; sourceTree = "<group>"; };
		7EB7CFE52A5F75B4000B04FE /* Preview Assets.xcassets */ = {isa = PBXFileReference; lastKnownFileType = folder.assetcatalog; path = "Preview Assets.xcassets"; sourceTree = "<group>"; };
		7EBB04642AA2948500057123 /* Category.swift */ = {isa = PBXFileReference; lastKnownFileType = sourcecode.swift; path = Category.swift; sourceTree = "<group>"; };
		7EC593C32AEAAD2000F8664E /* AuthHelper.swift */ = {isa = PBXFileReference; lastKnownFileType = sourcecode.swift; path = AuthHelper.swift; sourceTree = "<group>"; };
		7EC593C52AEAC1DD00F8664E /* VerifyAccountView.swift */ = {isa = PBXFileReference; lastKnownFileType = sourcecode.swift; path = VerifyAccountView.swift; sourceTree = "<group>"; };
		7ED493892AC36D4A003F5B2C /* UserSplitView.swift */ = {isa = PBXFileReference; lastKnownFileType = sourcecode.swift; path = UserSplitView.swift; sourceTree = "<group>"; };
		7ED926D72AC9E2DA00BDE2B8 /* PayView.swift */ = {isa = PBXFileReference; lastKnownFileType = sourcecode.swift; path = PayView.swift; sourceTree = "<group>"; };
		7EECB8032AC21A8A0026A9B8 /* CategoryPickerView.swift */ = {isa = PBXFileReference; lastKnownFileType = sourcecode.swift; path = CategoryPickerView.swift; sourceTree = "<group>"; };
		7EECB8062AC21B030026A9B8 /* CreateExpenseDetailsView.swift */ = {isa = PBXFileReference; lastKnownFileType = sourcecode.swift; path = CreateExpenseDetailsView.swift; sourceTree = "<group>"; };
		7EECB8082AC21DCE0026A9B8 /* CreateExpenseSplitView.swift */ = {isa = PBXFileReference; lastKnownFileType = sourcecode.swift; path = CreateExpenseSplitView.swift; sourceTree = "<group>"; };
		7EECB80A2AC222820026A9B8 /* AtomView.swift */ = {isa = PBXFileReference; lastKnownFileType = sourcecode.swift; path = AtomView.swift; sourceTree = "<group>"; };
		7EF7B2452AC0C26700BB1CFA /* ColorSchemeViewModifier.swift */ = {isa = PBXFileReference; lastKnownFileType = sourcecode.swift; path = ColorSchemeViewModifier.swift; sourceTree = "<group>"; };
		7EF7B2472AC0D05400BB1CFA /* SelectUsersView.swift */ = {isa = PBXFileReference; lastKnownFileType = sourcecode.swift; path = SelectUsersView.swift; sourceTree = "<group>"; };
/* End PBXFileReference section */

/* Begin PBXFrameworksBuildPhase section */
		7EB7CFD82A5F75B3000B04FE /* Frameworks */ = {
			isa = PBXFrameworksBuildPhase;
			buildActionMask = 2147483647;
			files = (
				7E24D1492AC5FB5E003D9E51 /* Supabase in Frameworks */,
				7E0E983F2ABA109400AA974D /* Supabase in Frameworks */,
			);
			runOnlyForDeploymentPostprocessing = 0;
		};
/* End PBXFrameworksBuildPhase section */

/* Begin PBXGroup section */
		7E02CEF62A99282100B4A9B8 /* Data */ = {
			isa = PBXGroup;
			children = (
				7E48D16C2AE1903100C29750 /* Model.swift */,
				7E6270B22A9E807D006067CD /* Expense.swift */,
				7E6270B02A9E788F006067CD /* Debt.swift */,
				7E0E98472ABA1E5700AA974D /* UserInfo.swift */,
				7E073C922ADD8B0900F3DD1C /* GroupInfo.swift */,
				7E0E98502ABBA27E00AA974D /* UserFriend.swift */,
				7EBB04642AA2948500057123 /* Category.swift */,
				7E80258F2AC653F1005D284D /* Activity.swift */,
				7E9357992AE2C61300F7950F /* Balance.swift */,
				7E93579B2AE2E04500F7950F /* Payment.swift */,
				7E532D7C2AF01EAA00B2E72F /* LoadingState.swift */,
			);
			path = Data;
			sourceTree = "<group>";
		};
		7E0E98402ABA10FB00AA974D /* Supabase */ = {
			isa = PBXGroup;
			children = (
				7E0E98412ABA111100AA974D /* SupabaseManager.swift */,
				7E073C982ADD8CCF00F3DD1C /* UserSupabaseManager.swift */,
				7E073C942ADD8C9B00F3DD1C /* GroupsSupabaseManager.swift */,
				7E073C9C2ADD8EDE00F3DD1C /* ExpenseSupabaseManager.swift */,
				7E073C9A2ADD8D6A00F3DD1C /* ActivitySupabaseManager.swift */,
				7E4B2DF32AA142F200967E3E /* Storage */,
			);
			path = Supabase;
			sourceTree = "<group>";
		};
		7E20F4202AB7753A009DAB58 /* Color */ = {
			isa = PBXGroup;
			children = (
				7E20F4212AB7754B009DAB58 /* Color.swift */,
			);
			path = Color;
			sourceTree = "<group>";
		};
		7E2A2D082ADDC32000365C04 /* CreateGroup */ = {
			isa = PBXGroup;
			children = (
				7E2A2D092ADDC33900365C04 /* CreateGroupView.swift */,
				7E35CF982AE0623200CF2C02 /* EditGroupView.swift */,
			);
			path = CreateGroup;
			sourceTree = "<group>";
		};
		7E4B2DF32AA142F200967E3E /* Storage */ = {
			isa = PBXGroup;
			children = (
				7E4B2DF12AA1417400967E3E /* UIImage.swift */,
				7E4B2DF42AA1430800967E3E /* AvatarUploadView.swift */,
			);
			path = Storage;
			sourceTree = "<group>";
		};
		7E4E7DB02AB643BD004D6617 /* ViewModifiers */ = {
			isa = PBXGroup;
			children = (
				7E4E7DB12AB643CB004D6617 /* StatusBarColorModifier.swift */,
				7EF7B2452AC0C26700BB1CFA /* ColorSchemeViewModifier.swift */,
				7E532D6E2AF0052700B2E72F /* ToastViewModifier.swift */,
				7E532D702AF0055C00B2E72F /* View.swift */,
			);
			path = ViewModifiers;
			sourceTree = "<group>";
		};
		7E532D742AF005EA00B2E72F /* Managers */ = {
			isa = PBXGroup;
			children = (
				7E532D752AF005F800B2E72F /* ToastManager.swift */,
			);
			path = Managers;
			sourceTree = "<group>";
		};
		7E532D772AF018BA00B2E72F /* Group */ = {
			isa = PBXGroup;
			children = (
				7E073C902ADD885A00F3DD1C /* GroupsView.swift */,
				7E6CFAF02ADD9C5900639E80 /* GroupView.swift */,
				7E2A2D082ADDC32000365C04 /* CreateGroup */,
			);
			path = Group;
			sourceTree = "<group>";
		};
		7E532D782AF018C400B2E72F /* Friend */ = {
			isa = PBXGroup;
			children = (
				7E6270C02A9EC282006067CD /* FriendsView.swift */,
				7E7A78C42A9FB73800A215FC /* ProfileView.swift */,
			);
			path = Friend;
			sourceTree = "<group>";
		};
		7E532D792AF018D600B2E72F /* Search */ = {
			isa = PBXGroup;
			children = (
				7E6270C42A9ED78B006067CD /* QueryUsersView.swift */,
				7EF7B2472AC0D05400BB1CFA /* SelectUsersView.swift */,
			);
			path = Search;
			sourceTree = "<group>";
		};
		7E532D7A2AF018FF00B2E72F /* Expense */ = {
			isa = PBXGroup;
			children = (
				7E01B2462AB653C7005D5F7B /* ExpenseView.swift */,
				7ED926D72AC9E2DA00BDE2B8 /* PayView.swift */,
				7EECB8052AC21AD60026A9B8 /* CreateExpense */,
			);
			path = Expense;
			sourceTree = "<group>";
		};
		7E532D7B2AF0196100B2E72F /* Settings */ = {
			isa = PBXGroup;
			children = (
				7E6270A42A9D529E006067CD /* SettingsView.swift */,
			);
			path = Settings;
			sourceTree = "<group>";
		};
		7E6270A22A9D3AFA006067CD /* Authentication */ = {
			isa = PBXGroup;
			children = (
				7E0E98432ABA141400AA974D /* AuthenticationViewModel.swift */,
				7E6270A02A9D26AC006067CD /* AuthenticationView.swift */,
				7E6270BC2A9EA58A006067CD /* SignUpView.swift */,
				7E6270BE2A9EB1C7006067CD /* LoginView.swift */,
				7E4B2DEB2AA0FEAC00967E3E /* LaunchView.swift */,
				7E4B2DED2AA0FFDF00967E3E /* WelcomeView.swift */,
				7EC593C32AEAAD2000F8664E /* AuthHelper.swift */,
				7EC593C52AEAC1DD00F8664E /* VerifyAccountView.swift */,
			);
			path = Authentication;
			sourceTree = "<group>";
		};
		7E6270AB2A9E5419006067CD /* Core */ = {
			isa = PBXGroup;
			children = (
				7EB7CFE02A5F75B3000B04FE /* ContentView.swift */,
				7E67A7912A6B4704001E0C23 /* HomeView.swift */,
				7E532D782AF018C400B2E72F /* Friend */,
				7E532D772AF018BA00B2E72F /* Group */,
				7E532D7A2AF018FF00B2E72F /* Expense */,
				7E532D792AF018D600B2E72F /* Search */,
				7E532D7B2AF0196100B2E72F /* Settings */,
			);
			path = Core;
			sourceTree = "<group>";
		};
		7E7A78C62A9FB9F600A215FC /* Components */ = {
			isa = PBXGroup;
			children = (
				7E6270B62A9E8DE6006067CD /* TransactionsView.swift */,
				7E7A78C72A9FBA0700A215FC /* CornerRadiusShape.swift */,
				7E4B2DEF2AA10BB500967E3E /* UserPhotoView.swift */,
				7EECB8032AC21A8A0026A9B8 /* CategoryPickerView.swift */,
				7EECB80A2AC222820026A9B8 /* AtomView.swift */,
				7E8025912AC65E8D005D284D /* ActivityView.swift */,
				7E66E6F72ADC452100E6D552 /* CurrencyTextField.swift */,
				7E90FA402ADC8D4D00F1B2CE /* TransactionView.swift */,
				7E2A2D062ADDAAD300365C04 /* TransactionsScrollView.swift */,
				7E9357972AE2C1C200F7950F /* UserBalanceView.swift */,
				7E4B4D032AE5B19D00095D0E /* VStackList.swift */,
				7E4B4D052AE5C92E00095D0E /* FriendOverviewView.swift */,
				7E4B4D072AE5DACD00095D0E /* TransactionsByMonth.swift */,
				7E29B5842AEC3CC300991F84 /* AnimatedCheckmark.swift */,
				7E532D722AF0058600B2E72F /* AlertView.swift */,
			);
			path = Components;
			sourceTree = "<group>";
		};
		7EB7CFD22A5F75B3000B04FE = {
			isa = PBXGroup;
			children = (
				7EB7CFDD2A5F75B3000B04FE /* Celery */,
				7EB7CFDC2A5F75B3000B04FE /* Products */,
			);
			sourceTree = "<group>";
		};
		7EB7CFDC2A5F75B3000B04FE /* Products */ = {
			isa = PBXGroup;
			children = (
				7EB7CFDB2A5F75B3000B04FE /* Celery.app */,
			);
			name = Products;
			sourceTree = "<group>";
		};
		7EB7CFDD2A5F75B3000B04FE /* Celery */ = {
			isa = PBXGroup;
			children = (
				7E6270AF2A9E57BB006067CD /* Info.plist */,
				7E6F5AEF2AC8F0DC00E976CA /* Config.xcconfig */,
				7E6270A32A9D438C006067CD /* Celery.entitlements */,
				7EB7CFDE2A5F75B3000B04FE /* CeleryApp.swift */,
				7E6270AB2A9E5419006067CD /* Core */,
				7E0E98402ABA10FB00AA974D /* Supabase */,
				7E6270A22A9D3AFA006067CD /* Authentication */,
				7E532D742AF005EA00B2E72F /* Managers */,
				7E7A78C62A9FB9F600A215FC /* Components */,
				7E02CEF62A99282100B4A9B8 /* Data */,
				7E4E7DB02AB643BD004D6617 /* ViewModifiers */,
				7E20F4202AB7753A009DAB58 /* Color */,
				7EB7CFE22A5F75B4000B04FE /* Assets.xcassets */,
				7EB7CFE42A5F75B4000B04FE /* Preview Content */,
			);
			path = Celery;
			sourceTree = "<group>";
		};
		7EB7CFE42A5F75B4000B04FE /* Preview Content */ = {
			isa = PBXGroup;
			children = (
				7EB7CFE52A5F75B4000B04FE /* Preview Assets.xcassets */,
			);
			path = "Preview Content";
			sourceTree = "<group>";
		};
		7EECB8052AC21AD60026A9B8 /* CreateExpense */ = {
			isa = PBXGroup;
			children = (
				7E6270B42A9E8883006067CD /* CreateExpenseView.swift */,
				7EECB8062AC21B030026A9B8 /* CreateExpenseDetailsView.swift */,
				7EECB8082AC21DCE0026A9B8 /* CreateExpenseSplitView.swift */,
				7ED493892AC36D4A003F5B2C /* UserSplitView.swift */,
			);
			path = CreateExpense;
			sourceTree = "<group>";
		};
/* End PBXGroup section */

/* Begin PBXNativeTarget section */
		7EB7CFDA2A5F75B3000B04FE /* Celery */ = {
			isa = PBXNativeTarget;
			buildConfigurationList = 7EB7CFE92A5F75B4000B04FE /* Build configuration list for PBXNativeTarget "Celery" */;
			buildPhases = (
				7EB7CFD72A5F75B3000B04FE /* Sources */,
				7EB7CFD82A5F75B3000B04FE /* Frameworks */,
				7EB7CFD92A5F75B3000B04FE /* Resources */,
			);
			buildRules = (
			);
			dependencies = (
			);
			name = Celery;
			packageProductDependencies = (
				7E0E983E2ABA109400AA974D /* Supabase */,
				7E24D1482AC5FB5E003D9E51 /* Supabase */,
			);
			productName = Celery;
			productReference = 7EB7CFDB2A5F75B3000B04FE /* Celery.app */;
			productType = "com.apple.product-type.application";
		};
/* End PBXNativeTarget section */

/* Begin PBXProject section */
		7EB7CFD32A5F75B3000B04FE /* Project object */ = {
			isa = PBXProject;
			attributes = {
				BuildIndependentTargetsInParallel = 1;
				LastSwiftUpdateCheck = 1430;
				LastUpgradeCheck = 1430;
				TargetAttributes = {
					7EB7CFDA2A5F75B3000B04FE = {
						CreatedOnToolsVersion = 14.3.1;
					};
				};
			};
			buildConfigurationList = 7EB7CFD62A5F75B3000B04FE /* Build configuration list for PBXProject "Celery" */;
			compatibilityVersion = "Xcode 14.0";
			developmentRegion = en;
			hasScannedForEncodings = 0;
			knownRegions = (
				en,
				Base,
			);
			mainGroup = 7EB7CFD22A5F75B3000B04FE;
			packageReferences = (
				7E0E983D2ABA109400AA974D /* XCRemoteSwiftPackageReference "supabase-swift" */,
			);
			productRefGroup = 7EB7CFDC2A5F75B3000B04FE /* Products */;
			projectDirPath = "";
			projectRoot = "";
			targets = (
				7EB7CFDA2A5F75B3000B04FE /* Celery */,
			);
		};
/* End PBXProject section */

/* Begin PBXResourcesBuildPhase section */
		7EB7CFD92A5F75B3000B04FE /* Resources */ = {
			isa = PBXResourcesBuildPhase;
			buildActionMask = 2147483647;
			files = (
				7EB7CFE62A5F75B4000B04FE /* Preview Assets.xcassets in Resources */,
				7EB7CFE32A5F75B4000B04FE /* Assets.xcassets in Resources */,
			);
			runOnlyForDeploymentPostprocessing = 0;
		};
/* End PBXResourcesBuildPhase section */

/* Begin PBXSourcesBuildPhase section */
		7EB7CFD72A5F75B3000B04FE /* Sources */ = {
			isa = PBXSourcesBuildPhase;
			buildActionMask = 2147483647;
			files = (
				7E6CFAF12ADD9C5900639E80 /* GroupView.swift in Sources */,
				7E6270B12A9E788F006067CD /* Debt.swift in Sources */,
				7E532D732AF0058600B2E72F /* AlertView.swift in Sources */,
				7E29B5852AEC3CC300991F84 /* AnimatedCheckmark.swift in Sources */,
				7E01B2472AB653C7005D5F7B /* ExpenseView.swift in Sources */,
				7E6270BD2A9EA58A006067CD /* SignUpView.swift in Sources */,
				7E4B2DF22AA1417400967E3E /* UIImage.swift in Sources */,
				7E073C912ADD885A00F3DD1C /* GroupsView.swift in Sources */,
				7E6270B52A9E8883006067CD /* CreateExpenseView.swift in Sources */,
				7E66E6F82ADC452100E6D552 /* CurrencyTextField.swift in Sources */,
				7E67A7922A6B4704001E0C23 /* HomeView.swift in Sources */,
				7E8025902AC653F1005D284D /* Activity.swift in Sources */,
				7E2A2D072ADDAAD300365C04 /* TransactionsScrollView.swift in Sources */,
				7EECB8072AC21B030026A9B8 /* CreateExpenseDetailsView.swift in Sources */,
				7EB7CFE12A5F75B3000B04FE /* ContentView.swift in Sources */,
				7E4B4D062AE5C92E00095D0E /* FriendOverviewView.swift in Sources */,
				7E7A78C82A9FBA0700A215FC /* CornerRadiusShape.swift in Sources */,
				7E4B2DF52AA1430800967E3E /* AvatarUploadView.swift in Sources */,
				7E073C992ADD8CCF00F3DD1C /* UserSupabaseManager.swift in Sources */,
				7EBB04652AA2948500057123 /* Category.swift in Sources */,
				7E6270C52A9ED78B006067CD /* QueryUsersView.swift in Sources */,
				7E073C9D2ADD8EDE00F3DD1C /* ExpenseSupabaseManager.swift in Sources */,
				7E8025922AC65E8D005D284D /* ActivityView.swift in Sources */,
				7EF7B2482AC0D05400BB1CFA /* SelectUsersView.swift in Sources */,
				7E6270B32A9E807D006067CD /* Expense.swift in Sources */,
				7E4B4D082AE5DACD00095D0E /* TransactionsByMonth.swift in Sources */,
				7E35CF992AE0623200CF2C02 /* EditGroupView.swift in Sources */,
				7EECB8092AC21DCE0026A9B8 /* CreateExpenseSplitView.swift in Sources */,
				7E93579A2AE2C61300F7950F /* Balance.swift in Sources */,
				7E9357982AE2C1C200F7950F /* UserBalanceView.swift in Sources */,
				7EECB8042AC21A8A0026A9B8 /* CategoryPickerView.swift in Sources */,
				7EB7CFDF2A5F75B3000B04FE /* CeleryApp.swift in Sources */,
				7EC593C62AEAC1DD00F8664E /* VerifyAccountView.swift in Sources */,
				7E073C932ADD8B0900F3DD1C /* GroupInfo.swift in Sources */,
				7E4B2DEE2AA0FFDF00967E3E /* WelcomeView.swift in Sources */,
				7E0E98422ABA111100AA974D /* SupabaseManager.swift in Sources */,
				7E6270A52A9D529E006067CD /* SettingsView.swift in Sources */,
				7E6270C12A9EC282006067CD /* FriendsView.swift in Sources */,
				7ED926D82AC9E2DA00BDE2B8 /* PayView.swift in Sources */,
				7EECB80B2AC222820026A9B8 /* AtomView.swift in Sources */,
				7E2A2D0A2ADDC33900365C04 /* CreateGroupView.swift in Sources */,
				7E4B4D042AE5B19D00095D0E /* VStackList.swift in Sources */,
				7E4B2DEC2AA0FEAC00967E3E /* LaunchView.swift in Sources */,
				7E0E98512ABBA27E00AA974D /* UserFriend.swift in Sources */,
				7E7A78C52A9FB73800A215FC /* ProfileView.swift in Sources */,
				7E20F4222AB7754B009DAB58 /* Color.swift in Sources */,
				7EC593C42AEAAD2000F8664E /* AuthHelper.swift in Sources */,
				7E073C952ADD8C9B00F3DD1C /* GroupsSupabaseManager.swift in Sources */,
				7E48D16D2AE1903100C29750 /* Model.swift in Sources */,
				7E90FA412ADC8D4D00F1B2CE /* TransactionView.swift in Sources */,
				7E0E98442ABA141400AA974D /* AuthenticationViewModel.swift in Sources */,
				7E532D762AF005F800B2E72F /* ToastManager.swift in Sources */,
				7ED4938A2AC36D4A003F5B2C /* UserSplitView.swift in Sources */,
				7E532D6F2AF0052700B2E72F /* ToastViewModifier.swift in Sources */,
				7E073C9B2ADD8D6A00F3DD1C /* ActivitySupabaseManager.swift in Sources */,
				7EF7B2462AC0C26700BB1CFA /* ColorSchemeViewModifier.swift in Sources */,
				7E6270A12A9D26AC006067CD /* AuthenticationView.swift in Sources */,
				7E532D7D2AF01EAA00B2E72F /* LoadingState.swift in Sources */,
				7E4B2DF02AA10BB500967E3E /* UserPhotoView.swift in Sources */,
				7E0E98482ABA1E5700AA974D /* UserInfo.swift in Sources */,
				7E6270BF2A9EB1C7006067CD /* LoginView.swift in Sources */,
				7E532D712AF0055C00B2E72F /* View.swift in Sources */,
				7E4E7DB22AB643CB004D6617 /* StatusBarColorModifier.swift in Sources */,
				7E93579C2AE2E04500F7950F /* Payment.swift in Sources */,
				7E6270B72A9E8DE6006067CD /* TransactionsView.swift in Sources */,
			);
			runOnlyForDeploymentPostprocessing = 0;
		};
/* End PBXSourcesBuildPhase section */

/* Begin XCBuildConfiguration section */
		7EB7CFE72A5F75B4000B04FE /* Debug */ = {
			isa = XCBuildConfiguration;
			baseConfigurationReference = 7E6F5AEF2AC8F0DC00E976CA /* Config.xcconfig */;
			buildSettings = {
				ALWAYS_SEARCH_USER_PATHS = NO;
				CLANG_ANALYZER_NONNULL = YES;
				CLANG_ANALYZER_NUMBER_OBJECT_CONVERSION = YES_AGGRESSIVE;
				CLANG_CXX_LANGUAGE_STANDARD = "gnu++20";
				CLANG_ENABLE_MODULES = YES;
				CLANG_ENABLE_OBJC_ARC = YES;
				CLANG_ENABLE_OBJC_WEAK = YES;
				CLANG_WARN_BLOCK_CAPTURE_AUTORELEASING = YES;
				CLANG_WARN_BOOL_CONVERSION = YES;
				CLANG_WARN_COMMA = YES;
				CLANG_WARN_CONSTANT_CONVERSION = YES;
				CLANG_WARN_DEPRECATED_OBJC_IMPLEMENTATIONS = YES;
				CLANG_WARN_DIRECT_OBJC_ISA_USAGE = YES_ERROR;
				CLANG_WARN_DOCUMENTATION_COMMENTS = YES;
				CLANG_WARN_EMPTY_BODY = YES;
				CLANG_WARN_ENUM_CONVERSION = YES;
				CLANG_WARN_INFINITE_RECURSION = YES;
				CLANG_WARN_INT_CONVERSION = YES;
				CLANG_WARN_NON_LITERAL_NULL_CONVERSION = YES;
				CLANG_WARN_OBJC_IMPLICIT_RETAIN_SELF = YES;
				CLANG_WARN_OBJC_LITERAL_CONVERSION = YES;
				CLANG_WARN_OBJC_ROOT_CLASS = YES_ERROR;
				CLANG_WARN_QUOTED_INCLUDE_IN_FRAMEWORK_HEADER = YES;
				CLANG_WARN_RANGE_LOOP_ANALYSIS = YES;
				CLANG_WARN_STRICT_PROTOTYPES = YES;
				CLANG_WARN_SUSPICIOUS_MOVE = YES;
				CLANG_WARN_UNGUARDED_AVAILABILITY = YES_AGGRESSIVE;
				CLANG_WARN_UNREACHABLE_CODE = YES;
				CLANG_WARN__DUPLICATE_METHOD_MATCH = YES;
				COPY_PHASE_STRIP = NO;
				DEBUG_INFORMATION_FORMAT = dwarf;
				ENABLE_STRICT_OBJC_MSGSEND = YES;
				ENABLE_TESTABILITY = YES;
				GCC_C_LANGUAGE_STANDARD = gnu11;
				GCC_DYNAMIC_NO_PIC = NO;
				GCC_NO_COMMON_BLOCKS = YES;
				GCC_OPTIMIZATION_LEVEL = 0;
				GCC_PREPROCESSOR_DEFINITIONS = (
					"DEBUG=1",
					"$(inherited)",
				);
				GCC_WARN_64_TO_32_BIT_CONVERSION = YES;
				GCC_WARN_ABOUT_RETURN_TYPE = YES_ERROR;
				GCC_WARN_UNDECLARED_SELECTOR = YES;
				GCC_WARN_UNINITIALIZED_AUTOS = YES_AGGRESSIVE;
				GCC_WARN_UNUSED_FUNCTION = YES;
				GCC_WARN_UNUSED_VARIABLE = YES;
				IPHONEOS_DEPLOYMENT_TARGET = 16.4;
				MTL_ENABLE_DEBUG_INFO = INCLUDE_SOURCE;
				MTL_FAST_MATH = YES;
				ONLY_ACTIVE_ARCH = YES;
				SDKROOT = iphoneos;
				SWIFT_ACTIVE_COMPILATION_CONDITIONS = DEBUG;
				SWIFT_OPTIMIZATION_LEVEL = "-Onone";
			};
			name = Debug;
		};
		7EB7CFE82A5F75B4000B04FE /* Release */ = {
			isa = XCBuildConfiguration;
			baseConfigurationReference = 7E6F5AEF2AC8F0DC00E976CA /* Config.xcconfig */;
			buildSettings = {
				ALWAYS_SEARCH_USER_PATHS = NO;
				CLANG_ANALYZER_NONNULL = YES;
				CLANG_ANALYZER_NUMBER_OBJECT_CONVERSION = YES_AGGRESSIVE;
				CLANG_CXX_LANGUAGE_STANDARD = "gnu++20";
				CLANG_ENABLE_MODULES = YES;
				CLANG_ENABLE_OBJC_ARC = YES;
				CLANG_ENABLE_OBJC_WEAK = YES;
				CLANG_WARN_BLOCK_CAPTURE_AUTORELEASING = YES;
				CLANG_WARN_BOOL_CONVERSION = YES;
				CLANG_WARN_COMMA = YES;
				CLANG_WARN_CONSTANT_CONVERSION = YES;
				CLANG_WARN_DEPRECATED_OBJC_IMPLEMENTATIONS = YES;
				CLANG_WARN_DIRECT_OBJC_ISA_USAGE = YES_ERROR;
				CLANG_WARN_DOCUMENTATION_COMMENTS = YES;
				CLANG_WARN_EMPTY_BODY = YES;
				CLANG_WARN_ENUM_CONVERSION = YES;
				CLANG_WARN_INFINITE_RECURSION = YES;
				CLANG_WARN_INT_CONVERSION = YES;
				CLANG_WARN_NON_LITERAL_NULL_CONVERSION = YES;
				CLANG_WARN_OBJC_IMPLICIT_RETAIN_SELF = YES;
				CLANG_WARN_OBJC_LITERAL_CONVERSION = YES;
				CLANG_WARN_OBJC_ROOT_CLASS = YES_ERROR;
				CLANG_WARN_QUOTED_INCLUDE_IN_FRAMEWORK_HEADER = YES;
				CLANG_WARN_RANGE_LOOP_ANALYSIS = YES;
				CLANG_WARN_STRICT_PROTOTYPES = YES;
				CLANG_WARN_SUSPICIOUS_MOVE = YES;
				CLANG_WARN_UNGUARDED_AVAILABILITY = YES_AGGRESSIVE;
				CLANG_WARN_UNREACHABLE_CODE = YES;
				CLANG_WARN__DUPLICATE_METHOD_MATCH = YES;
				COPY_PHASE_STRIP = NO;
				DEBUG_INFORMATION_FORMAT = "dwarf-with-dsym";
				ENABLE_NS_ASSERTIONS = NO;
				ENABLE_STRICT_OBJC_MSGSEND = YES;
				GCC_C_LANGUAGE_STANDARD = gnu11;
				GCC_NO_COMMON_BLOCKS = YES;
				GCC_WARN_64_TO_32_BIT_CONVERSION = YES;
				GCC_WARN_ABOUT_RETURN_TYPE = YES_ERROR;
				GCC_WARN_UNDECLARED_SELECTOR = YES;
				GCC_WARN_UNINITIALIZED_AUTOS = YES_AGGRESSIVE;
				GCC_WARN_UNUSED_FUNCTION = YES;
				GCC_WARN_UNUSED_VARIABLE = YES;
				IPHONEOS_DEPLOYMENT_TARGET = 16.4;
				MTL_ENABLE_DEBUG_INFO = NO;
				MTL_FAST_MATH = YES;
				SDKROOT = iphoneos;
				SWIFT_COMPILATION_MODE = wholemodule;
				SWIFT_OPTIMIZATION_LEVEL = "-O";
				VALIDATE_PRODUCT = YES;
			};
			name = Release;
		};
		7EB7CFEA2A5F75B4000B04FE /* Debug */ = {
			isa = XCBuildConfiguration;
			buildSettings = {
				ASSETCATALOG_COMPILER_APPICON_NAME = AppIcon;
				ASSETCATALOG_COMPILER_GLOBAL_ACCENT_COLOR_NAME = AccentColor;
				CODE_SIGN_ENTITLEMENTS = Celery/Celery.entitlements;
				CODE_SIGN_STYLE = Automatic;
				CURRENT_PROJECT_VERSION = 1;
				DEVELOPMENT_ASSET_PATHS = "\"Celery/Preview Content\"";
				DEVELOPMENT_TEAM = 2798XB6UZN;
				ENABLE_PREVIEWS = YES;
				GENERATE_INFOPLIST_FILE = YES;
				INFOPLIST_FILE = Celery/Info.plist;
				INFOPLIST_KEY_UIApplicationSceneManifest_Generation = YES;
				INFOPLIST_KEY_UIApplicationSupportsIndirectInputEvents = YES;
				INFOPLIST_KEY_UISupportedInterfaceOrientations_iPad = "UIInterfaceOrientationPortrait UIInterfaceOrientationPortraitUpsideDown UIInterfaceOrientationLandscapeLeft UIInterfaceOrientationLandscapeRight";
				INFOPLIST_KEY_UISupportedInterfaceOrientations_iPhone = "UIInterfaceOrientationPortrait UIInterfaceOrientationLandscapeLeft UIInterfaceOrientationLandscapeRight";
				LD_RUNPATH_SEARCH_PATHS = (
					"$(inherited)",
					"@executable_path/Frameworks",
				);
				MARKETING_VERSION = 1.0;
				PRODUCT_BUNDLE_IDENTIFIER = com.SkylarClemens.Celery;
				PRODUCT_NAME = "$(TARGET_NAME)";
				SWIFT_EMIT_LOC_STRINGS = YES;
				SWIFT_VERSION = 5.0;
				TARGETED_DEVICE_FAMILY = "1,2";
			};
			name = Debug;
		};
		7EB7CFEB2A5F75B4000B04FE /* Release */ = {
			isa = XCBuildConfiguration;
			buildSettings = {
				ASSETCATALOG_COMPILER_APPICON_NAME = AppIcon;
				ASSETCATALOG_COMPILER_GLOBAL_ACCENT_COLOR_NAME = AccentColor;
				CODE_SIGN_ENTITLEMENTS = Celery/Celery.entitlements;
				CODE_SIGN_STYLE = Automatic;
				CURRENT_PROJECT_VERSION = 1;
				DEVELOPMENT_ASSET_PATHS = "\"Celery/Preview Content\"";
				DEVELOPMENT_TEAM = 2798XB6UZN;
				ENABLE_PREVIEWS = YES;
				GENERATE_INFOPLIST_FILE = YES;
				INFOPLIST_FILE = Celery/Info.plist;
				INFOPLIST_KEY_UIApplicationSceneManifest_Generation = YES;
				INFOPLIST_KEY_UIApplicationSupportsIndirectInputEvents = YES;
				INFOPLIST_KEY_UISupportedInterfaceOrientations_iPad = "UIInterfaceOrientationPortrait UIInterfaceOrientationPortraitUpsideDown UIInterfaceOrientationLandscapeLeft UIInterfaceOrientationLandscapeRight";
				INFOPLIST_KEY_UISupportedInterfaceOrientations_iPhone = "UIInterfaceOrientationPortrait UIInterfaceOrientationLandscapeLeft UIInterfaceOrientationLandscapeRight";
				LD_RUNPATH_SEARCH_PATHS = (
					"$(inherited)",
					"@executable_path/Frameworks",
				);
				MARKETING_VERSION = 1.0;
				PRODUCT_BUNDLE_IDENTIFIER = com.SkylarClemens.Celery;
				PRODUCT_NAME = "$(TARGET_NAME)";
				SWIFT_EMIT_LOC_STRINGS = YES;
				SWIFT_VERSION = 5.0;
				TARGETED_DEVICE_FAMILY = "1,2";
			};
			name = Release;
		};
/* End XCBuildConfiguration section */

/* Begin XCConfigurationList section */
		7EB7CFD62A5F75B3000B04FE /* Build configuration list for PBXProject "Celery" */ = {
			isa = XCConfigurationList;
			buildConfigurations = (
				7EB7CFE72A5F75B4000B04FE /* Debug */,
				7EB7CFE82A5F75B4000B04FE /* Release */,
			);
			defaultConfigurationIsVisible = 0;
			defaultConfigurationName = Release;
		};
		7EB7CFE92A5F75B4000B04FE /* Build configuration list for PBXNativeTarget "Celery" */ = {
			isa = XCConfigurationList;
			buildConfigurations = (
				7EB7CFEA2A5F75B4000B04FE /* Debug */,
				7EB7CFEB2A5F75B4000B04FE /* Release */,
			);
			defaultConfigurationIsVisible = 0;
			defaultConfigurationName = Release;
		};
/* End XCConfigurationList section */

/* Begin XCRemoteSwiftPackageReference section */
		7E0E983D2ABA109400AA974D /* XCRemoteSwiftPackageReference "supabase-swift" */ = {
			isa = XCRemoteSwiftPackageReference;
			repositoryURL = "https://github.com/supabase/supabase-swift.git";
			requirement = {
				kind = upToNextMajorVersion;
				minimumVersion = 0.3.0;
			};
		};
/* End XCRemoteSwiftPackageReference section */

/* Begin XCSwiftPackageProductDependency section */
		7E0E983E2ABA109400AA974D /* Supabase */ = {
			isa = XCSwiftPackageProductDependency;
			package = 7E0E983D2ABA109400AA974D /* XCRemoteSwiftPackageReference "supabase-swift" */;
			productName = Supabase;
		};
		7E24D1482AC5FB5E003D9E51 /* Supabase */ = {
			isa = XCSwiftPackageProductDependency;
			package = 7E0E983D2ABA109400AA974D /* XCRemoteSwiftPackageReference "supabase-swift" */;
			productName = Supabase;
		};
/* End XCSwiftPackageProductDependency section */
	};
	rootObject = 7EB7CFD32A5F75B3000B04FE /* Project object */;
}
