// !$*UTF8*$!
{
	archiveVersion = 1;
	classes = {
	};
	objectVersion = 56;
	objects = {

/* Begin PBXBuildFile section */
		7E02CEFC2A992FCE00B4A9B8 /* GoogleService-Info.plist in Resources */ = {isa = PBXBuildFile; fileRef = 7E02CEFB2A992FCE00B4A9B8 /* GoogleService-Info.plist */; };
		7E02CEFF2A9936C200B4A9B8 /* FirebaseAnalytics in Frameworks */ = {isa = PBXBuildFile; productRef = 7E02CEFE2A9936C200B4A9B8 /* FirebaseAnalytics */; };
		7E02CF012A9936C200B4A9B8 /* FirebaseAnalyticsOnDeviceConversion in Frameworks */ = {isa = PBXBuildFile; productRef = 7E02CF002A9936C200B4A9B8 /* FirebaseAnalyticsOnDeviceConversion */; };
		7E02CF032A9936C200B4A9B8 /* FirebaseAnalyticsSwift in Frameworks */ = {isa = PBXBuildFile; productRef = 7E02CF022A9936C200B4A9B8 /* FirebaseAnalyticsSwift */; };
		7E02CF052A9936C200B4A9B8 /* FirebaseAnalyticsWithoutAdIdSupport in Frameworks */ = {isa = PBXBuildFile; productRef = 7E02CF042A9936C200B4A9B8 /* FirebaseAnalyticsWithoutAdIdSupport */; };
		7E02CF072A9936C200B4A9B8 /* FirebaseAppCheck in Frameworks */ = {isa = PBXBuildFile; productRef = 7E02CF062A9936C200B4A9B8 /* FirebaseAppCheck */; };
		7E02CF092A9936C200B4A9B8 /* FirebaseAppDistribution-Beta in Frameworks */ = {isa = PBXBuildFile; productRef = 7E02CF082A9936C200B4A9B8 /* FirebaseAppDistribution-Beta */; };
		7E02CF0B2A9936C200B4A9B8 /* FirebaseAuth in Frameworks */ = {isa = PBXBuildFile; productRef = 7E02CF0A2A9936C200B4A9B8 /* FirebaseAuth */; };
		7E02CF0D2A9936C200B4A9B8 /* FirebaseAuthCombine-Community in Frameworks */ = {isa = PBXBuildFile; productRef = 7E02CF0C2A9936C200B4A9B8 /* FirebaseAuthCombine-Community */; };
		7E02CF0F2A9936C200B4A9B8 /* FirebaseCrashlytics in Frameworks */ = {isa = PBXBuildFile; productRef = 7E02CF0E2A9936C200B4A9B8 /* FirebaseCrashlytics */; };
		7E02CF112A9936C200B4A9B8 /* FirebaseDatabase in Frameworks */ = {isa = PBXBuildFile; productRef = 7E02CF102A9936C200B4A9B8 /* FirebaseDatabase */; };
		7E02CF132A9936C200B4A9B8 /* FirebaseDatabaseSwift in Frameworks */ = {isa = PBXBuildFile; productRef = 7E02CF122A9936C200B4A9B8 /* FirebaseDatabaseSwift */; };
		7E02CF152A9936C200B4A9B8 /* FirebaseDynamicLinks in Frameworks */ = {isa = PBXBuildFile; productRef = 7E02CF142A9936C200B4A9B8 /* FirebaseDynamicLinks */; };
		7E02CF172A9936C200B4A9B8 /* FirebaseFirestore in Frameworks */ = {isa = PBXBuildFile; productRef = 7E02CF162A9936C200B4A9B8 /* FirebaseFirestore */; };
		7E02CF192A9936C200B4A9B8 /* FirebaseFirestoreCombine-Community in Frameworks */ = {isa = PBXBuildFile; productRef = 7E02CF182A9936C200B4A9B8 /* FirebaseFirestoreCombine-Community */; };
		7E02CF1B2A9936C200B4A9B8 /* FirebaseFirestoreSwift in Frameworks */ = {isa = PBXBuildFile; productRef = 7E02CF1A2A9936C200B4A9B8 /* FirebaseFirestoreSwift */; };
		7E02CF1D2A9936C200B4A9B8 /* FirebaseFunctions in Frameworks */ = {isa = PBXBuildFile; productRef = 7E02CF1C2A9936C200B4A9B8 /* FirebaseFunctions */; };
		7E02CF1F2A9936C200B4A9B8 /* FirebaseFunctionsCombine-Community in Frameworks */ = {isa = PBXBuildFile; productRef = 7E02CF1E2A9936C200B4A9B8 /* FirebaseFunctionsCombine-Community */; };
		7E02CF212A9936C200B4A9B8 /* FirebaseInAppMessaging-Beta in Frameworks */ = {isa = PBXBuildFile; productRef = 7E02CF202A9936C200B4A9B8 /* FirebaseInAppMessaging-Beta */; };
		7E02CF232A9936C200B4A9B8 /* FirebaseInAppMessagingSwift-Beta in Frameworks */ = {isa = PBXBuildFile; productRef = 7E02CF222A9936C200B4A9B8 /* FirebaseInAppMessagingSwift-Beta */; };
		7E02CF252A9936C200B4A9B8 /* FirebaseInstallations in Frameworks */ = {isa = PBXBuildFile; productRef = 7E02CF242A9936C200B4A9B8 /* FirebaseInstallations */; };
		7E02CF272A9936C200B4A9B8 /* FirebaseMLModelDownloader in Frameworks */ = {isa = PBXBuildFile; productRef = 7E02CF262A9936C200B4A9B8 /* FirebaseMLModelDownloader */; };
		7E02CF292A9936C200B4A9B8 /* FirebaseMessaging in Frameworks */ = {isa = PBXBuildFile; productRef = 7E02CF282A9936C200B4A9B8 /* FirebaseMessaging */; };
		7E02CF2B2A9936C200B4A9B8 /* FirebasePerformance in Frameworks */ = {isa = PBXBuildFile; productRef = 7E02CF2A2A9936C200B4A9B8 /* FirebasePerformance */; };
		7E02CF2D2A9936C200B4A9B8 /* FirebaseRemoteConfig in Frameworks */ = {isa = PBXBuildFile; productRef = 7E02CF2C2A9936C200B4A9B8 /* FirebaseRemoteConfig */; };
		7E02CF2F2A9936C200B4A9B8 /* FirebaseRemoteConfigSwift in Frameworks */ = {isa = PBXBuildFile; productRef = 7E02CF2E2A9936C200B4A9B8 /* FirebaseRemoteConfigSwift */; };
		7E02CF312A9936C200B4A9B8 /* FirebaseStorage in Frameworks */ = {isa = PBXBuildFile; productRef = 7E02CF302A9936C200B4A9B8 /* FirebaseStorage */; };
		7E02CF332A9936C200B4A9B8 /* FirebaseStorageCombine-Community in Frameworks */ = {isa = PBXBuildFile; productRef = 7E02CF322A9936C200B4A9B8 /* FirebaseStorageCombine-Community */; };
		7E02CF372A993C1200B4A9B8 /* AuthHelper.swift in Sources */ = {isa = PBXBuildFile; fileRef = 7E02CF362A993C1200B4A9B8 /* AuthHelper.swift */; };
		7E02CF392A99422600B4A9B8 /* AuthenticationViewModel.swift in Sources */ = {isa = PBXBuildFile; fileRef = 7E02CF382A99422600B4A9B8 /* AuthenticationViewModel.swift */; };
		7E4B2DEC2AA0FEAC00967E3E /* LaunchView.swift in Sources */ = {isa = PBXBuildFile; fileRef = 7E4B2DEB2AA0FEAC00967E3E /* LaunchView.swift */; };
		7E4B2DEE2AA0FFDF00967E3E /* WelcomeView.swift in Sources */ = {isa = PBXBuildFile; fileRef = 7E4B2DED2AA0FFDF00967E3E /* WelcomeView.swift */; };
		7E4B2DF02AA10BB500967E3E /* UserPhotoView.swift in Sources */ = {isa = PBXBuildFile; fileRef = 7E4B2DEF2AA10BB500967E3E /* UserPhotoView.swift */; };
		7E4B2DF22AA1417400967E3E /* FirebaseStorageManager.swift in Sources */ = {isa = PBXBuildFile; fileRef = 7E4B2DF12AA1417400967E3E /* FirebaseStorageManager.swift */; };
		7E4B2DF52AA1430800967E3E /* AvatarUploadView.swift in Sources */ = {isa = PBXBuildFile; fileRef = 7E4B2DF42AA1430800967E3E /* AvatarUploadView.swift */; };
		7E6270A12A9D26AC006067CD /* AuthenticationView.swift in Sources */ = {isa = PBXBuildFile; fileRef = 7E6270A02A9D26AC006067CD /* AuthenticationView.swift */; };
		7E6270A52A9D529E006067CD /* UserSettingsView.swift in Sources */ = {isa = PBXBuildFile; fileRef = 7E6270A42A9D529E006067CD /* UserSettingsView.swift */; };
		7E6270A82A9D6A9D006067CD /* FirestoreManager.swift in Sources */ = {isa = PBXBuildFile; fileRef = 7E6270A72A9D6A9D006067CD /* FirestoreManager.swift */; };
		7E6270AE2A9E55C7006067CD /* UserManager.swift in Sources */ = {isa = PBXBuildFile; fileRef = 7E6270AD2A9E55C7006067CD /* UserManager.swift */; };
		7E6270B12A9E788F006067CD /* Debt.swift in Sources */ = {isa = PBXBuildFile; fileRef = 7E6270B02A9E788F006067CD /* Debt.swift */; };
		7E6270B32A9E807D006067CD /* ExpenseManager.swift in Sources */ = {isa = PBXBuildFile; fileRef = 7E6270B22A9E807D006067CD /* ExpenseManager.swift */; };
		7E6270B52A9E8883006067CD /* CreateExpenseView.swift in Sources */ = {isa = PBXBuildFile; fileRef = 7E6270B42A9E8883006067CD /* CreateExpenseView.swift */; };
		7E6270B72A9E8DE6006067CD /* TransactionsView.swift in Sources */ = {isa = PBXBuildFile; fileRef = 7E6270B62A9E8DE6006067CD /* TransactionsView.swift */; };
		7E6270BD2A9EA58A006067CD /* SignUpView.swift in Sources */ = {isa = PBXBuildFile; fileRef = 7E6270BC2A9EA58A006067CD /* SignUpView.swift */; };
		7E6270BF2A9EB1C7006067CD /* LoginView.swift in Sources */ = {isa = PBXBuildFile; fileRef = 7E6270BE2A9EB1C7006067CD /* LoginView.swift */; };
		7E6270C12A9EC282006067CD /* FriendsView.swift in Sources */ = {isa = PBXBuildFile; fileRef = 7E6270C02A9EC282006067CD /* FriendsView.swift */; };
		7E6270C52A9ED78B006067CD /* QueryUsersView.swift in Sources */ = {isa = PBXBuildFile; fileRef = 7E6270C42A9ED78B006067CD /* QueryUsersView.swift */; };
		7E67A7922A6B4704001E0C23 /* HomeView.swift in Sources */ = {isa = PBXBuildFile; fileRef = 7E67A7912A6B4704001E0C23 /* HomeView.swift */; };
		7E7A78C52A9FB73800A215FC /* ProfileView.swift in Sources */ = {isa = PBXBuildFile; fileRef = 7E7A78C42A9FB73800A215FC /* ProfileView.swift */; };
		7E7A78C82A9FBA0700A215FC /* CornerRadiusShape.swift in Sources */ = {isa = PBXBuildFile; fileRef = 7E7A78C72A9FBA0700A215FC /* CornerRadiusShape.swift */; };
		7E7A78CC2A9FDA9000A215FC /* FriendManager.swift in Sources */ = {isa = PBXBuildFile; fileRef = 7E7A78CB2A9FDA9000A215FC /* FriendManager.swift */; };
		7EB7CFDF2A5F75B3000B04FE /* CeleryApp.swift in Sources */ = {isa = PBXBuildFile; fileRef = 7EB7CFDE2A5F75B3000B04FE /* CeleryApp.swift */; };
		7EB7CFE12A5F75B3000B04FE /* ContentView.swift in Sources */ = {isa = PBXBuildFile; fileRef = 7EB7CFE02A5F75B3000B04FE /* ContentView.swift */; };
		7EB7CFE32A5F75B4000B04FE /* Assets.xcassets in Resources */ = {isa = PBXBuildFile; fileRef = 7EB7CFE22A5F75B4000B04FE /* Assets.xcassets */; };
		7EB7CFE62A5F75B4000B04FE /* Preview Assets.xcassets in Resources */ = {isa = PBXBuildFile; fileRef = 7EB7CFE52A5F75B4000B04FE /* Preview Assets.xcassets */; };
/* End PBXBuildFile section */

/* Begin PBXFileReference section */
		7E02CEFB2A992FCE00B4A9B8 /* GoogleService-Info.plist */ = {isa = PBXFileReference; fileEncoding = 4; lastKnownFileType = text.plist.xml; path = "GoogleService-Info.plist"; sourceTree = "<group>"; };
		7E02CF362A993C1200B4A9B8 /* AuthHelper.swift */ = {isa = PBXFileReference; lastKnownFileType = sourcecode.swift; path = AuthHelper.swift; sourceTree = "<group>"; };
		7E02CF382A99422600B4A9B8 /* AuthenticationViewModel.swift */ = {isa = PBXFileReference; lastKnownFileType = sourcecode.swift; path = AuthenticationViewModel.swift; sourceTree = "<group>"; };
		7E4B2DEB2AA0FEAC00967E3E /* LaunchView.swift */ = {isa = PBXFileReference; lastKnownFileType = sourcecode.swift; path = LaunchView.swift; sourceTree = "<group>"; };
		7E4B2DED2AA0FFDF00967E3E /* WelcomeView.swift */ = {isa = PBXFileReference; lastKnownFileType = sourcecode.swift; path = WelcomeView.swift; sourceTree = "<group>"; };
		7E4B2DEF2AA10BB500967E3E /* UserPhotoView.swift */ = {isa = PBXFileReference; lastKnownFileType = sourcecode.swift; path = UserPhotoView.swift; sourceTree = "<group>"; };
		7E4B2DF12AA1417400967E3E /* FirebaseStorageManager.swift */ = {isa = PBXFileReference; lastKnownFileType = sourcecode.swift; path = FirebaseStorageManager.swift; sourceTree = "<group>"; };
		7E4B2DF42AA1430800967E3E /* AvatarUploadView.swift */ = {isa = PBXFileReference; lastKnownFileType = sourcecode.swift; path = AvatarUploadView.swift; sourceTree = "<group>"; };
		7E6270A02A9D26AC006067CD /* AuthenticationView.swift */ = {isa = PBXFileReference; lastKnownFileType = sourcecode.swift; path = AuthenticationView.swift; sourceTree = "<group>"; };
		7E6270A32A9D438C006067CD /* Celery.entitlements */ = {isa = PBXFileReference; lastKnownFileType = text.plist.entitlements; path = Celery.entitlements; sourceTree = "<group>"; };
		7E6270A42A9D529E006067CD /* UserSettingsView.swift */ = {isa = PBXFileReference; lastKnownFileType = sourcecode.swift; path = UserSettingsView.swift; sourceTree = "<group>"; };
		7E6270A72A9D6A9D006067CD /* FirestoreManager.swift */ = {isa = PBXFileReference; lastKnownFileType = sourcecode.swift; path = FirestoreManager.swift; sourceTree = "<group>"; };
		7E6270AD2A9E55C7006067CD /* UserManager.swift */ = {isa = PBXFileReference; lastKnownFileType = sourcecode.swift; path = UserManager.swift; sourceTree = "<group>"; };
		7E6270AF2A9E57BB006067CD /* Info.plist */ = {isa = PBXFileReference; lastKnownFileType = text.plist; path = Info.plist; sourceTree = "<group>"; };
		7E6270B02A9E788F006067CD /* Debt.swift */ = {isa = PBXFileReference; lastKnownFileType = sourcecode.swift; path = Debt.swift; sourceTree = "<group>"; };
		7E6270B22A9E807D006067CD /* ExpenseManager.swift */ = {isa = PBXFileReference; lastKnownFileType = sourcecode.swift; path = ExpenseManager.swift; sourceTree = "<group>"; };
		7E6270B42A9E8883006067CD /* CreateExpenseView.swift */ = {isa = PBXFileReference; lastKnownFileType = sourcecode.swift; path = CreateExpenseView.swift; sourceTree = "<group>"; };
		7E6270B62A9E8DE6006067CD /* TransactionsView.swift */ = {isa = PBXFileReference; lastKnownFileType = sourcecode.swift; path = TransactionsView.swift; sourceTree = "<group>"; };
		7E6270BC2A9EA58A006067CD /* SignUpView.swift */ = {isa = PBXFileReference; lastKnownFileType = sourcecode.swift; path = SignUpView.swift; sourceTree = "<group>"; };
		7E6270BE2A9EB1C7006067CD /* LoginView.swift */ = {isa = PBXFileReference; lastKnownFileType = sourcecode.swift; path = LoginView.swift; sourceTree = "<group>"; };
		7E6270C02A9EC282006067CD /* FriendsView.swift */ = {isa = PBXFileReference; lastKnownFileType = sourcecode.swift; path = FriendsView.swift; sourceTree = "<group>"; };
		7E6270C42A9ED78B006067CD /* QueryUsersView.swift */ = {isa = PBXFileReference; lastKnownFileType = sourcecode.swift; path = QueryUsersView.swift; sourceTree = "<group>"; };
		7E67A7912A6B4704001E0C23 /* HomeView.swift */ = {isa = PBXFileReference; lastKnownFileType = sourcecode.swift; path = HomeView.swift; sourceTree = "<group>"; };
		7E7A78C42A9FB73800A215FC /* ProfileView.swift */ = {isa = PBXFileReference; lastKnownFileType = sourcecode.swift; path = ProfileView.swift; sourceTree = "<group>"; };
		7E7A78C72A9FBA0700A215FC /* CornerRadiusShape.swift */ = {isa = PBXFileReference; lastKnownFileType = sourcecode.swift; path = CornerRadiusShape.swift; sourceTree = "<group>"; };
		7E7A78CB2A9FDA9000A215FC /* FriendManager.swift */ = {isa = PBXFileReference; lastKnownFileType = sourcecode.swift; path = FriendManager.swift; sourceTree = "<group>"; };
		7EB7CFDB2A5F75B3000B04FE /* Celery.app */ = {isa = PBXFileReference; explicitFileType = wrapper.application; includeInIndex = 0; path = Celery.app; sourceTree = BUILT_PRODUCTS_DIR; };
		7EB7CFDE2A5F75B3000B04FE /* CeleryApp.swift */ = {isa = PBXFileReference; lastKnownFileType = sourcecode.swift; path = CeleryApp.swift; sourceTree = "<group>"; };
		7EB7CFE02A5F75B3000B04FE /* ContentView.swift */ = {isa = PBXFileReference; lastKnownFileType = sourcecode.swift; path = ContentView.swift; sourceTree = "<group>"; };
		7EB7CFE22A5F75B4000B04FE /* Assets.xcassets */ = {isa = PBXFileReference; lastKnownFileType = folder.assetcatalog; path = Assets.xcassets; sourceTree = "<group>"; };
		7EB7CFE52A5F75B4000B04FE /* Preview Assets.xcassets */ = {isa = PBXFileReference; lastKnownFileType = folder.assetcatalog; path = "Preview Assets.xcassets"; sourceTree = "<group>"; };
/* End PBXFileReference section */

/* Begin PBXFrameworksBuildPhase section */
		7EB7CFD82A5F75B3000B04FE /* Frameworks */ = {
			isa = PBXFrameworksBuildPhase;
			buildActionMask = 2147483647;
			files = (
				7E02CF112A9936C200B4A9B8 /* FirebaseDatabase in Frameworks */,
				7E02CF1F2A9936C200B4A9B8 /* FirebaseFunctionsCombine-Community in Frameworks */,
				7E02CF172A9936C200B4A9B8 /* FirebaseFirestore in Frameworks */,
				7E02CF032A9936C200B4A9B8 /* FirebaseAnalyticsSwift in Frameworks */,
				7E02CEFF2A9936C200B4A9B8 /* FirebaseAnalytics in Frameworks */,
				7E02CF012A9936C200B4A9B8 /* FirebaseAnalyticsOnDeviceConversion in Frameworks */,
				7E02CF272A9936C200B4A9B8 /* FirebaseMLModelDownloader in Frameworks */,
				7E02CF1B2A9936C200B4A9B8 /* FirebaseFirestoreSwift in Frameworks */,
				7E02CF072A9936C200B4A9B8 /* FirebaseAppCheck in Frameworks */,
				7E02CF052A9936C200B4A9B8 /* FirebaseAnalyticsWithoutAdIdSupport in Frameworks */,
				7E02CF0B2A9936C200B4A9B8 /* FirebaseAuth in Frameworks */,
				7E02CF0F2A9936C200B4A9B8 /* FirebaseCrashlytics in Frameworks */,
				7E02CF2F2A9936C200B4A9B8 /* FirebaseRemoteConfigSwift in Frameworks */,
				7E02CF212A9936C200B4A9B8 /* FirebaseInAppMessaging-Beta in Frameworks */,
				7E02CF132A9936C200B4A9B8 /* FirebaseDatabaseSwift in Frameworks */,
				7E02CF1D2A9936C200B4A9B8 /* FirebaseFunctions in Frameworks */,
				7E02CF332A9936C200B4A9B8 /* FirebaseStorageCombine-Community in Frameworks */,
				7E02CF2D2A9936C200B4A9B8 /* FirebaseRemoteConfig in Frameworks */,
				7E02CF092A9936C200B4A9B8 /* FirebaseAppDistribution-Beta in Frameworks */,
				7E02CF0D2A9936C200B4A9B8 /* FirebaseAuthCombine-Community in Frameworks */,
				7E02CF2B2A9936C200B4A9B8 /* FirebasePerformance in Frameworks */,
				7E02CF232A9936C200B4A9B8 /* FirebaseInAppMessagingSwift-Beta in Frameworks */,
				7E02CF312A9936C200B4A9B8 /* FirebaseStorage in Frameworks */,
				7E02CF152A9936C200B4A9B8 /* FirebaseDynamicLinks in Frameworks */,
				7E02CF192A9936C200B4A9B8 /* FirebaseFirestoreCombine-Community in Frameworks */,
				7E02CF292A9936C200B4A9B8 /* FirebaseMessaging in Frameworks */,
				7E02CF252A9936C200B4A9B8 /* FirebaseInstallations in Frameworks */,
			);
			runOnlyForDeploymentPostprocessing = 0;
		};
/* End PBXFrameworksBuildPhase section */

/* Begin PBXGroup section */
		7E02CEF62A99282100B4A9B8 /* Data */ = {
			isa = PBXGroup;
			children = (
				7E6270AD2A9E55C7006067CD /* UserManager.swift */,
				7E6270B22A9E807D006067CD /* ExpenseManager.swift */,
				7E7A78CB2A9FDA9000A215FC /* FriendManager.swift */,
				7E6270B02A9E788F006067CD /* Debt.swift */,
			);
			path = Data;
			sourceTree = "<group>";
		};
		7E4B2DF32AA142F200967E3E /* Storage */ = {
			isa = PBXGroup;
			children = (
				7E4B2DF12AA1417400967E3E /* FirebaseStorageManager.swift */,
				7E4B2DF42AA1430800967E3E /* AvatarUploadView.swift */,
			);
			path = Storage;
			sourceTree = "<group>";
		};
		7E6270A22A9D3AFA006067CD /* Authentication */ = {
			isa = PBXGroup;
			children = (
				7E02CF362A993C1200B4A9B8 /* AuthHelper.swift */,
				7E02CF382A99422600B4A9B8 /* AuthenticationViewModel.swift */,
				7E6270A02A9D26AC006067CD /* AuthenticationView.swift */,
				7E6270BC2A9EA58A006067CD /* SignUpView.swift */,
				7E6270BE2A9EB1C7006067CD /* LoginView.swift */,
				7E4B2DEB2AA0FEAC00967E3E /* LaunchView.swift */,
				7E4B2DED2AA0FFDF00967E3E /* WelcomeView.swift */,
			);
			path = Authentication;
			sourceTree = "<group>";
		};
		7E6270AB2A9E5419006067CD /* Core */ = {
			isa = PBXGroup;
			children = (
				7EB7CFE02A5F75B3000B04FE /* ContentView.swift */,
				7E67A7912A6B4704001E0C23 /* HomeView.swift */,
				7E6270A42A9D529E006067CD /* UserSettingsView.swift */,
				7E6270B42A9E8883006067CD /* CreateExpenseView.swift */,
				7E6270B62A9E8DE6006067CD /* TransactionsView.swift */,
				7E6270C02A9EC282006067CD /* FriendsView.swift */,
				7E6270C42A9ED78B006067CD /* QueryUsersView.swift */,
				7E7A78C42A9FB73800A215FC /* ProfileView.swift */,
			);
			path = Core;
			sourceTree = "<group>";
		};
		7E6270AC2A9E55BE006067CD /* Firestore */ = {
			isa = PBXGroup;
			children = (
				7E4B2DF32AA142F200967E3E /* Storage */,
				7E6270A72A9D6A9D006067CD /* FirestoreManager.swift */,
			);
			path = Firestore;
			sourceTree = "<group>";
		};
		7E7A78C62A9FB9F600A215FC /* Components */ = {
			isa = PBXGroup;
			children = (
				7E7A78C72A9FBA0700A215FC /* CornerRadiusShape.swift */,
				7E4B2DEF2AA10BB500967E3E /* UserPhotoView.swift */,
			);
			path = Components;
			sourceTree = "<group>";
		};
		7EB7CFD22A5F75B3000B04FE = {
			isa = PBXGroup;
			children = (
				7EB7CFDD2A5F75B3000B04FE /* Celery */,
				7EB7CFDC2A5F75B3000B04FE /* Products */,
			);
			sourceTree = "<group>";
		};
		7EB7CFDC2A5F75B3000B04FE /* Products */ = {
			isa = PBXGroup;
			children = (
				7EB7CFDB2A5F75B3000B04FE /* Celery.app */,
			);
			name = Products;
			sourceTree = "<group>";
		};
		7EB7CFDD2A5F75B3000B04FE /* Celery */ = {
			isa = PBXGroup;
			children = (
				7E6270AF2A9E57BB006067CD /* Info.plist */,
				7E6270A32A9D438C006067CD /* Celery.entitlements */,
				7EB7CFDE2A5F75B3000B04FE /* CeleryApp.swift */,
				7E6270AB2A9E5419006067CD /* Core */,
				7E6270AC2A9E55BE006067CD /* Firestore */,
				7E6270A22A9D3AFA006067CD /* Authentication */,
				7E02CEF62A99282100B4A9B8 /* Data */,
				7E7A78C62A9FB9F600A215FC /* Components */,
				7EB7CFE22A5F75B4000B04FE /* Assets.xcassets */,
				7E02CEFB2A992FCE00B4A9B8 /* GoogleService-Info.plist */,
				7EB7CFE42A5F75B4000B04FE /* Preview Content */,
			);
			path = Celery;
			sourceTree = "<group>";
		};
		7EB7CFE42A5F75B4000B04FE /* Preview Content */ = {
			isa = PBXGroup;
			children = (
				7EB7CFE52A5F75B4000B04FE /* Preview Assets.xcassets */,
			);
			path = "Preview Content";
			sourceTree = "<group>";
		};
/* End PBXGroup section */

/* Begin PBXNativeTarget section */
		7EB7CFDA2A5F75B3000B04FE /* Celery */ = {
			isa = PBXNativeTarget;
			buildConfigurationList = 7EB7CFE92A5F75B4000B04FE /* Build configuration list for PBXNativeTarget "Celery" */;
			buildPhases = (
				7EB7CFD72A5F75B3000B04FE /* Sources */,
				7EB7CFD82A5F75B3000B04FE /* Frameworks */,
				7EB7CFD92A5F75B3000B04FE /* Resources */,
			);
			buildRules = (
			);
			dependencies = (
			);
			name = Celery;
			packageProductDependencies = (
				7E02CEFE2A9936C200B4A9B8 /* FirebaseAnalytics */,
				7E02CF002A9936C200B4A9B8 /* FirebaseAnalyticsOnDeviceConversion */,
				7E02CF022A9936C200B4A9B8 /* FirebaseAnalyticsSwift */,
				7E02CF042A9936C200B4A9B8 /* FirebaseAnalyticsWithoutAdIdSupport */,
				7E02CF062A9936C200B4A9B8 /* FirebaseAppCheck */,
				7E02CF082A9936C200B4A9B8 /* FirebaseAppDistribution-Beta */,
				7E02CF0A2A9936C200B4A9B8 /* FirebaseAuth */,
				7E02CF0C2A9936C200B4A9B8 /* FirebaseAuthCombine-Community */,
				7E02CF0E2A9936C200B4A9B8 /* FirebaseCrashlytics */,
				7E02CF102A9936C200B4A9B8 /* FirebaseDatabase */,
				7E02CF122A9936C200B4A9B8 /* FirebaseDatabaseSwift */,
				7E02CF142A9936C200B4A9B8 /* FirebaseDynamicLinks */,
				7E02CF162A9936C200B4A9B8 /* FirebaseFirestore */,
				7E02CF182A9936C200B4A9B8 /* FirebaseFirestoreCombine-Community */,
				7E02CF1A2A9936C200B4A9B8 /* FirebaseFirestoreSwift */,
				7E02CF1C2A9936C200B4A9B8 /* FirebaseFunctions */,
				7E02CF1E2A9936C200B4A9B8 /* FirebaseFunctionsCombine-Community */,
				7E02CF202A9936C200B4A9B8 /* FirebaseInAppMessaging-Beta */,
				7E02CF222A9936C200B4A9B8 /* FirebaseInAppMessagingSwift-Beta */,
				7E02CF242A9936C200B4A9B8 /* FirebaseInstallations */,
				7E02CF262A9936C200B4A9B8 /* FirebaseMLModelDownloader */,
				7E02CF282A9936C200B4A9B8 /* FirebaseMessaging */,
				7E02CF2A2A9936C200B4A9B8 /* FirebasePerformance */,
				7E02CF2C2A9936C200B4A9B8 /* FirebaseRemoteConfig */,
				7E02CF2E2A9936C200B4A9B8 /* FirebaseRemoteConfigSwift */,
				7E02CF302A9936C200B4A9B8 /* FirebaseStorage */,
				7E02CF322A9936C200B4A9B8 /* FirebaseStorageCombine-Community */,
			);
			productName = Celery;
			productReference = 7EB7CFDB2A5F75B3000B04FE /* Celery.app */;
			productType = "com.apple.product-type.application";
		};
/* End PBXNativeTarget section */

/* Begin PBXProject section */
		7EB7CFD32A5F75B3000B04FE /* Project object */ = {
			isa = PBXProject;
			attributes = {
				BuildIndependentTargetsInParallel = 1;
				LastSwiftUpdateCheck = 1430;
				LastUpgradeCheck = 1430;
				TargetAttributes = {
					7EB7CFDA2A5F75B3000B04FE = {
						CreatedOnToolsVersion = 14.3.1;
					};
				};
			};
			buildConfigurationList = 7EB7CFD62A5F75B3000B04FE /* Build configuration list for PBXProject "Celery" */;
			compatibilityVersion = "Xcode 14.0";
			developmentRegion = en;
			hasScannedForEncodings = 0;
			knownRegions = (
				en,
				Base,
			);
			mainGroup = 7EB7CFD22A5F75B3000B04FE;
			packageReferences = (
				7E02CEFD2A9936C200B4A9B8 /* XCRemoteSwiftPackageReference "firebase-ios-sdk" */,
			);
			productRefGroup = 7EB7CFDC2A5F75B3000B04FE /* Products */;
			projectDirPath = "";
			projectRoot = "";
			targets = (
				7EB7CFDA2A5F75B3000B04FE /* Celery */,
			);
		};
/* End PBXProject section */

/* Begin PBXResourcesBuildPhase section */
		7EB7CFD92A5F75B3000B04FE /* Resources */ = {
			isa = PBXResourcesBuildPhase;
			buildActionMask = 2147483647;
			files = (
				7EB7CFE62A5F75B4000B04FE /* Preview Assets.xcassets in Resources */,
				7EB7CFE32A5F75B4000B04FE /* Assets.xcassets in Resources */,
				7E02CEFC2A992FCE00B4A9B8 /* GoogleService-Info.plist in Resources */,
			);
			runOnlyForDeploymentPostprocessing = 0;
		};
/* End PBXResourcesBuildPhase section */

/* Begin PBXSourcesBuildPhase section */
		7EB7CFD72A5F75B3000B04FE /* Sources */ = {
			isa = PBXSourcesBuildPhase;
			buildActionMask = 2147483647;
			files = (
				7E6270B12A9E788F006067CD /* Debt.swift in Sources */,
				7E6270BD2A9EA58A006067CD /* SignUpView.swift in Sources */,
				7E4B2DF22AA1417400967E3E /* FirebaseStorageManager.swift in Sources */,
				7E6270B52A9E8883006067CD /* CreateExpenseView.swift in Sources */,
				7E67A7922A6B4704001E0C23 /* HomeView.swift in Sources */,
				7EB7CFE12A5F75B3000B04FE /* ContentView.swift in Sources */,
				7E7A78C82A9FBA0700A215FC /* CornerRadiusShape.swift in Sources */,
				7E02CF392A99422600B4A9B8 /* AuthenticationViewModel.swift in Sources */,
				7E4B2DF52AA1430800967E3E /* AvatarUploadView.swift in Sources */,
				7E6270C52A9ED78B006067CD /* QueryUsersView.swift in Sources */,
				7E6270B32A9E807D006067CD /* ExpenseManager.swift in Sources */,
				7EB7CFDF2A5F75B3000B04FE /* CeleryApp.swift in Sources */,
				7E4B2DEE2AA0FFDF00967E3E /* WelcomeView.swift in Sources */,
				7E6270A52A9D529E006067CD /* UserSettingsView.swift in Sources */,
				7E6270C12A9EC282006067CD /* FriendsView.swift in Sources */,
				7E4B2DEC2AA0FEAC00967E3E /* LaunchView.swift in Sources */,
				7E02CF372A993C1200B4A9B8 /* AuthHelper.swift in Sources */,
				7E7A78C52A9FB73800A215FC /* ProfileView.swift in Sources */,
				7E6270A12A9D26AC006067CD /* AuthenticationView.swift in Sources */,
				7E6270A82A9D6A9D006067CD /* FirestoreManager.swift in Sources */,
				7E4B2DF02AA10BB500967E3E /* UserPhotoView.swift in Sources */,
				7E6270AE2A9E55C7006067CD /* UserManager.swift in Sources */,
				7E7A78CC2A9FDA9000A215FC /* FriendManager.swift in Sources */,
				7E6270BF2A9EB1C7006067CD /* LoginView.swift in Sources */,
				7E6270B72A9E8DE6006067CD /* TransactionsView.swift in Sources */,
			);
			runOnlyForDeploymentPostprocessing = 0;
		};
/* End PBXSourcesBuildPhase section */

/* Begin XCBuildConfiguration section */
		7EB7CFE72A5F75B4000B04FE /* Debug */ = {
			isa = XCBuildConfiguration;
			buildSettings = {
				ALWAYS_SEARCH_USER_PATHS = NO;
				CLANG_ANALYZER_NONNULL = YES;
				CLANG_ANALYZER_NUMBER_OBJECT_CONVERSION = YES_AGGRESSIVE;
				CLANG_CXX_LANGUAGE_STANDARD = "gnu++20";
				CLANG_ENABLE_MODULES = YES;
				CLANG_ENABLE_OBJC_ARC = YES;
				CLANG_ENABLE_OBJC_WEAK = YES;
				CLANG_WARN_BLOCK_CAPTURE_AUTORELEASING = YES;
				CLANG_WARN_BOOL_CONVERSION = YES;
				CLANG_WARN_COMMA = YES;
				CLANG_WARN_CONSTANT_CONVERSION = YES;
				CLANG_WARN_DEPRECATED_OBJC_IMPLEMENTATIONS = YES;
				CLANG_WARN_DIRECT_OBJC_ISA_USAGE = YES_ERROR;
				CLANG_WARN_DOCUMENTATION_COMMENTS = YES;
				CLANG_WARN_EMPTY_BODY = YES;
				CLANG_WARN_ENUM_CONVERSION = YES;
				CLANG_WARN_INFINITE_RECURSION = YES;
				CLANG_WARN_INT_CONVERSION = YES;
				CLANG_WARN_NON_LITERAL_NULL_CONVERSION = YES;
				CLANG_WARN_OBJC_IMPLICIT_RETAIN_SELF = YES;
				CLANG_WARN_OBJC_LITERAL_CONVERSION = YES;
				CLANG_WARN_OBJC_ROOT_CLASS = YES_ERROR;
				CLANG_WARN_QUOTED_INCLUDE_IN_FRAMEWORK_HEADER = YES;
				CLANG_WARN_RANGE_LOOP_ANALYSIS = YES;
				CLANG_WARN_STRICT_PROTOTYPES = YES;
				CLANG_WARN_SUSPICIOUS_MOVE = YES;
				CLANG_WARN_UNGUARDED_AVAILABILITY = YES_AGGRESSIVE;
				CLANG_WARN_UNREACHABLE_CODE = YES;
				CLANG_WARN__DUPLICATE_METHOD_MATCH = YES;
				COPY_PHASE_STRIP = NO;
				DEBUG_INFORMATION_FORMAT = dwarf;
				ENABLE_STRICT_OBJC_MSGSEND = YES;
				ENABLE_TESTABILITY = YES;
				GCC_C_LANGUAGE_STANDARD = gnu11;
				GCC_DYNAMIC_NO_PIC = NO;
				GCC_NO_COMMON_BLOCKS = YES;
				GCC_OPTIMIZATION_LEVEL = 0;
				GCC_PREPROCESSOR_DEFINITIONS = (
					"DEBUG=1",
					"$(inherited)",
				);
				GCC_WARN_64_TO_32_BIT_CONVERSION = YES;
				GCC_WARN_ABOUT_RETURN_TYPE = YES_ERROR;
				GCC_WARN_UNDECLARED_SELECTOR = YES;
				GCC_WARN_UNINITIALIZED_AUTOS = YES_AGGRESSIVE;
				GCC_WARN_UNUSED_FUNCTION = YES;
				GCC_WARN_UNUSED_VARIABLE = YES;
				IPHONEOS_DEPLOYMENT_TARGET = 16.4;
				MTL_ENABLE_DEBUG_INFO = INCLUDE_SOURCE;
				MTL_FAST_MATH = YES;
				ONLY_ACTIVE_ARCH = YES;
				SDKROOT = iphoneos;
				SWIFT_ACTIVE_COMPILATION_CONDITIONS = DEBUG;
				SWIFT_OPTIMIZATION_LEVEL = "-Onone";
			};
			name = Debug;
		};
		7EB7CFE82A5F75B4000B04FE /* Release */ = {
			isa = XCBuildConfiguration;
			buildSettings = {
				ALWAYS_SEARCH_USER_PATHS = NO;
				CLANG_ANALYZER_NONNULL = YES;
				CLANG_ANALYZER_NUMBER_OBJECT_CONVERSION = YES_AGGRESSIVE;
				CLANG_CXX_LANGUAGE_STANDARD = "gnu++20";
				CLANG_ENABLE_MODULES = YES;
				CLANG_ENABLE_OBJC_ARC = YES;
				CLANG_ENABLE_OBJC_WEAK = YES;
				CLANG_WARN_BLOCK_CAPTURE_AUTORELEASING = YES;
				CLANG_WARN_BOOL_CONVERSION = YES;
				CLANG_WARN_COMMA = YES;
				CLANG_WARN_CONSTANT_CONVERSION = YES;
				CLANG_WARN_DEPRECATED_OBJC_IMPLEMENTATIONS = YES;
				CLANG_WARN_DIRECT_OBJC_ISA_USAGE = YES_ERROR;
				CLANG_WARN_DOCUMENTATION_COMMENTS = YES;
				CLANG_WARN_EMPTY_BODY = YES;
				CLANG_WARN_ENUM_CONVERSION = YES;
				CLANG_WARN_INFINITE_RECURSION = YES;
				CLANG_WARN_INT_CONVERSION = YES;
				CLANG_WARN_NON_LITERAL_NULL_CONVERSION = YES;
				CLANG_WARN_OBJC_IMPLICIT_RETAIN_SELF = YES;
				CLANG_WARN_OBJC_LITERAL_CONVERSION = YES;
				CLANG_WARN_OBJC_ROOT_CLASS = YES_ERROR;
				CLANG_WARN_QUOTED_INCLUDE_IN_FRAMEWORK_HEADER = YES;
				CLANG_WARN_RANGE_LOOP_ANALYSIS = YES;
				CLANG_WARN_STRICT_PROTOTYPES = YES;
				CLANG_WARN_SUSPICIOUS_MOVE = YES;
				CLANG_WARN_UNGUARDED_AVAILABILITY = YES_AGGRESSIVE;
				CLANG_WARN_UNREACHABLE_CODE = YES;
				CLANG_WARN__DUPLICATE_METHOD_MATCH = YES;
				COPY_PHASE_STRIP = NO;
				DEBUG_INFORMATION_FORMAT = "dwarf-with-dsym";
				ENABLE_NS_ASSERTIONS = NO;
				ENABLE_STRICT_OBJC_MSGSEND = YES;
				GCC_C_LANGUAGE_STANDARD = gnu11;
				GCC_NO_COMMON_BLOCKS = YES;
				GCC_WARN_64_TO_32_BIT_CONVERSION = YES;
				GCC_WARN_ABOUT_RETURN_TYPE = YES_ERROR;
				GCC_WARN_UNDECLARED_SELECTOR = YES;
				GCC_WARN_UNINITIALIZED_AUTOS = YES_AGGRESSIVE;
				GCC_WARN_UNUSED_FUNCTION = YES;
				GCC_WARN_UNUSED_VARIABLE = YES;
				IPHONEOS_DEPLOYMENT_TARGET = 16.4;
				MTL_ENABLE_DEBUG_INFO = NO;
				MTL_FAST_MATH = YES;
				SDKROOT = iphoneos;
				SWIFT_COMPILATION_MODE = wholemodule;
				SWIFT_OPTIMIZATION_LEVEL = "-O";
				VALIDATE_PRODUCT = YES;
			};
			name = Release;
		};
		7EB7CFEA2A5F75B4000B04FE /* Debug */ = {
			isa = XCBuildConfiguration;
			buildSettings = {
				ASSETCATALOG_COMPILER_APPICON_NAME = AppIcon;
				ASSETCATALOG_COMPILER_GLOBAL_ACCENT_COLOR_NAME = AccentColor;
				CODE_SIGN_ENTITLEMENTS = Celery/Celery.entitlements;
				CODE_SIGN_STYLE = Automatic;
				CURRENT_PROJECT_VERSION = 1;
				DEVELOPMENT_ASSET_PATHS = "\"Celery/Preview Content\"";
				DEVELOPMENT_TEAM = 2798XB6UZN;
				ENABLE_PREVIEWS = YES;
				GENERATE_INFOPLIST_FILE = YES;
				INFOPLIST_FILE = Celery/Info.plist;
				INFOPLIST_KEY_UIApplicationSceneManifest_Generation = YES;
				INFOPLIST_KEY_UIApplicationSupportsIndirectInputEvents = YES;
				INFOPLIST_KEY_UISupportedInterfaceOrientations_iPad = "UIInterfaceOrientationPortrait UIInterfaceOrientationPortraitUpsideDown UIInterfaceOrientationLandscapeLeft UIInterfaceOrientationLandscapeRight";
				INFOPLIST_KEY_UISupportedInterfaceOrientations_iPhone = "UIInterfaceOrientationPortrait UIInterfaceOrientationLandscapeLeft UIInterfaceOrientationLandscapeRight";
				LD_RUNPATH_SEARCH_PATHS = (
					"$(inherited)",
					"@executable_path/Frameworks",
				);
				MARKETING_VERSION = 1.0;
				PRODUCT_BUNDLE_IDENTIFIER = com.SkylarClemens.Celery;
				PRODUCT_NAME = "$(TARGET_NAME)";
				SWIFT_EMIT_LOC_STRINGS = YES;
				SWIFT_VERSION = 5.0;
				TARGETED_DEVICE_FAMILY = "1,2";
			};
			name = Debug;
		};
		7EB7CFEB2A5F75B4000B04FE /* Release */ = {
			isa = XCBuildConfiguration;
			buildSettings = {
				ASSETCATALOG_COMPILER_APPICON_NAME = AppIcon;
				ASSETCATALOG_COMPILER_GLOBAL_ACCENT_COLOR_NAME = AccentColor;
				CODE_SIGN_ENTITLEMENTS = Celery/Celery.entitlements;
				CODE_SIGN_STYLE = Automatic;
				CURRENT_PROJECT_VERSION = 1;
				DEVELOPMENT_ASSET_PATHS = "\"Celery/Preview Content\"";
				DEVELOPMENT_TEAM = 2798XB6UZN;
				ENABLE_PREVIEWS = YES;
				GENERATE_INFOPLIST_FILE = YES;
				INFOPLIST_FILE = Celery/Info.plist;
				INFOPLIST_KEY_UIApplicationSceneManifest_Generation = YES;
				INFOPLIST_KEY_UIApplicationSupportsIndirectInputEvents = YES;
				INFOPLIST_KEY_UISupportedInterfaceOrientations_iPad = "UIInterfaceOrientationPortrait UIInterfaceOrientationPortraitUpsideDown UIInterfaceOrientationLandscapeLeft UIInterfaceOrientationLandscapeRight";
				INFOPLIST_KEY_UISupportedInterfaceOrientations_iPhone = "UIInterfaceOrientationPortrait UIInterfaceOrientationLandscapeLeft UIInterfaceOrientationLandscapeRight";
				LD_RUNPATH_SEARCH_PATHS = (
					"$(inherited)",
					"@executable_path/Frameworks",
				);
				MARKETING_VERSION = 1.0;
				PRODUCT_BUNDLE_IDENTIFIER = com.SkylarClemens.Celery;
				PRODUCT_NAME = "$(TARGET_NAME)";
				SWIFT_EMIT_LOC_STRINGS = YES;
				SWIFT_VERSION = 5.0;
				TARGETED_DEVICE_FAMILY = "1,2";
			};
			name = Release;
		};
/* End XCBuildConfiguration section */

/* Begin XCConfigurationList section */
		7EB7CFD62A5F75B3000B04FE /* Build configuration list for PBXProject "Celery" */ = {
			isa = XCConfigurationList;
			buildConfigurations = (
				7EB7CFE72A5F75B4000B04FE /* Debug */,
				7EB7CFE82A5F75B4000B04FE /* Release */,
			);
			defaultConfigurationIsVisible = 0;
			defaultConfigurationName = Release;
		};
		7EB7CFE92A5F75B4000B04FE /* Build configuration list for PBXNativeTarget "Celery" */ = {
			isa = XCConfigurationList;
			buildConfigurations = (
				7EB7CFEA2A5F75B4000B04FE /* Debug */,
				7EB7CFEB2A5F75B4000B04FE /* Release */,
			);
			defaultConfigurationIsVisible = 0;
			defaultConfigurationName = Release;
		};
/* End XCConfigurationList section */

/* Begin XCRemoteSwiftPackageReference section */
		7E02CEFD2A9936C200B4A9B8 /* XCRemoteSwiftPackageReference "firebase-ios-sdk" */ = {
			isa = XCRemoteSwiftPackageReference;
			repositoryURL = "https://github.com/firebase/firebase-ios-sdk";
			requirement = {
				kind = upToNextMajorVersion;
				minimumVersion = 10.14.0;
			};
		};
/* End XCRemoteSwiftPackageReference section */

/* Begin XCSwiftPackageProductDependency section */
		7E02CEFE2A9936C200B4A9B8 /* FirebaseAnalytics */ = {
			isa = XCSwiftPackageProductDependency;
			package = 7E02CEFD2A9936C200B4A9B8 /* XCRemoteSwiftPackageReference "firebase-ios-sdk" */;
			productName = FirebaseAnalytics;
		};
		7E02CF002A9936C200B4A9B8 /* FirebaseAnalyticsOnDeviceConversion */ = {
			isa = XCSwiftPackageProductDependency;
			package = 7E02CEFD2A9936C200B4A9B8 /* XCRemoteSwiftPackageReference "firebase-ios-sdk" */;
			productName = FirebaseAnalyticsOnDeviceConversion;
		};
		7E02CF022A9936C200B4A9B8 /* FirebaseAnalyticsSwift */ = {
			isa = XCSwiftPackageProductDependency;
			package = 7E02CEFD2A9936C200B4A9B8 /* XCRemoteSwiftPackageReference "firebase-ios-sdk" */;
			productName = FirebaseAnalyticsSwift;
		};
		7E02CF042A9936C200B4A9B8 /* FirebaseAnalyticsWithoutAdIdSupport */ = {
			isa = XCSwiftPackageProductDependency;
			package = 7E02CEFD2A9936C200B4A9B8 /* XCRemoteSwiftPackageReference "firebase-ios-sdk" */;
			productName = FirebaseAnalyticsWithoutAdIdSupport;
		};
		7E02CF062A9936C200B4A9B8 /* FirebaseAppCheck */ = {
			isa = XCSwiftPackageProductDependency;
			package = 7E02CEFD2A9936C200B4A9B8 /* XCRemoteSwiftPackageReference "firebase-ios-sdk" */;
			productName = FirebaseAppCheck;
		};
		7E02CF082A9936C200B4A9B8 /* FirebaseAppDistribution-Beta */ = {
			isa = XCSwiftPackageProductDependency;
			package = 7E02CEFD2A9936C200B4A9B8 /* XCRemoteSwiftPackageReference "firebase-ios-sdk" */;
			productName = "FirebaseAppDistribution-Beta";
		};
		7E02CF0A2A9936C200B4A9B8 /* FirebaseAuth */ = {
			isa = XCSwiftPackageProductDependency;
			package = 7E02CEFD2A9936C200B4A9B8 /* XCRemoteSwiftPackageReference "firebase-ios-sdk" */;
			productName = FirebaseAuth;
		};
		7E02CF0C2A9936C200B4A9B8 /* FirebaseAuthCombine-Community */ = {
			isa = XCSwiftPackageProductDependency;
			package = 7E02CEFD2A9936C200B4A9B8 /* XCRemoteSwiftPackageReference "firebase-ios-sdk" */;
			productName = "FirebaseAuthCombine-Community";
		};
		7E02CF0E2A9936C200B4A9B8 /* FirebaseCrashlytics */ = {
			isa = XCSwiftPackageProductDependency;
			package = 7E02CEFD2A9936C200B4A9B8 /* XCRemoteSwiftPackageReference "firebase-ios-sdk" */;
			productName = FirebaseCrashlytics;
		};
		7E02CF102A9936C200B4A9B8 /* FirebaseDatabase */ = {
			isa = XCSwiftPackageProductDependency;
			package = 7E02CEFD2A9936C200B4A9B8 /* XCRemoteSwiftPackageReference "firebase-ios-sdk" */;
			productName = FirebaseDatabase;
		};
		7E02CF122A9936C200B4A9B8 /* FirebaseDatabaseSwift */ = {
			isa = XCSwiftPackageProductDependency;
			package = 7E02CEFD2A9936C200B4A9B8 /* XCRemoteSwiftPackageReference "firebase-ios-sdk" */;
			productName = FirebaseDatabaseSwift;
		};
		7E02CF142A9936C200B4A9B8 /* FirebaseDynamicLinks */ = {
			isa = XCSwiftPackageProductDependency;
			package = 7E02CEFD2A9936C200B4A9B8 /* XCRemoteSwiftPackageReference "firebase-ios-sdk" */;
			productName = FirebaseDynamicLinks;
		};
		7E02CF162A9936C200B4A9B8 /* FirebaseFirestore */ = {
			isa = XCSwiftPackageProductDependency;
			package = 7E02CEFD2A9936C200B4A9B8 /* XCRemoteSwiftPackageReference "firebase-ios-sdk" */;
			productName = FirebaseFirestore;
		};
		7E02CF182A9936C200B4A9B8 /* FirebaseFirestoreCombine-Community */ = {
			isa = XCSwiftPackageProductDependency;
			package = 7E02CEFD2A9936C200B4A9B8 /* XCRemoteSwiftPackageReference "firebase-ios-sdk" */;
			productName = "FirebaseFirestoreCombine-Community";
		};
		7E02CF1A2A9936C200B4A9B8 /* FirebaseFirestoreSwift */ = {
			isa = XCSwiftPackageProductDependency;
			package = 7E02CEFD2A9936C200B4A9B8 /* XCRemoteSwiftPackageReference "firebase-ios-sdk" */;
			productName = FirebaseFirestoreSwift;
		};
		7E02CF1C2A9936C200B4A9B8 /* FirebaseFunctions */ = {
			isa = XCSwiftPackageProductDependency;
			package = 7E02CEFD2A9936C200B4A9B8 /* XCRemoteSwiftPackageReference "firebase-ios-sdk" */;
			productName = FirebaseFunctions;
		};
		7E02CF1E2A9936C200B4A9B8 /* FirebaseFunctionsCombine-Community */ = {
			isa = XCSwiftPackageProductDependency;
			package = 7E02CEFD2A9936C200B4A9B8 /* XCRemoteSwiftPackageReference "firebase-ios-sdk" */;
			productName = "FirebaseFunctionsCombine-Community";
		};
		7E02CF202A9936C200B4A9B8 /* FirebaseInAppMessaging-Beta */ = {
			isa = XCSwiftPackageProductDependency;
			package = 7E02CEFD2A9936C200B4A9B8 /* XCRemoteSwiftPackageReference "firebase-ios-sdk" */;
			productName = "FirebaseInAppMessaging-Beta";
		};
		7E02CF222A9936C200B4A9B8 /* FirebaseInAppMessagingSwift-Beta */ = {
			isa = XCSwiftPackageProductDependency;
			package = 7E02CEFD2A9936C200B4A9B8 /* XCRemoteSwiftPackageReference "firebase-ios-sdk" */;
			productName = "FirebaseInAppMessagingSwift-Beta";
		};
		7E02CF242A9936C200B4A9B8 /* FirebaseInstallations */ = {
			isa = XCSwiftPackageProductDependency;
			package = 7E02CEFD2A9936C200B4A9B8 /* XCRemoteSwiftPackageReference "firebase-ios-sdk" */;
			productName = FirebaseInstallations;
		};
		7E02CF262A9936C200B4A9B8 /* FirebaseMLModelDownloader */ = {
			isa = XCSwiftPackageProductDependency;
			package = 7E02CEFD2A9936C200B4A9B8 /* XCRemoteSwiftPackageReference "firebase-ios-sdk" */;
			productName = FirebaseMLModelDownloader;
		};
		7E02CF282A9936C200B4A9B8 /* FirebaseMessaging */ = {
			isa = XCSwiftPackageProductDependency;
			package = 7E02CEFD2A9936C200B4A9B8 /* XCRemoteSwiftPackageReference "firebase-ios-sdk" */;
			productName = FirebaseMessaging;
		};
		7E02CF2A2A9936C200B4A9B8 /* FirebasePerformance */ = {
			isa = XCSwiftPackageProductDependency;
			package = 7E02CEFD2A9936C200B4A9B8 /* XCRemoteSwiftPackageReference "firebase-ios-sdk" */;
			productName = FirebasePerformance;
		};
		7E02CF2C2A9936C200B4A9B8 /* FirebaseRemoteConfig */ = {
			isa = XCSwiftPackageProductDependency;
			package = 7E02CEFD2A9936C200B4A9B8 /* XCRemoteSwiftPackageReference "firebase-ios-sdk" */;
			productName = FirebaseRemoteConfig;
		};
		7E02CF2E2A9936C200B4A9B8 /* FirebaseRemoteConfigSwift */ = {
			isa = XCSwiftPackageProductDependency;
			package = 7E02CEFD2A9936C200B4A9B8 /* XCRemoteSwiftPackageReference "firebase-ios-sdk" */;
			productName = FirebaseRemoteConfigSwift;
		};
		7E02CF302A9936C200B4A9B8 /* FirebaseStorage */ = {
			isa = XCSwiftPackageProductDependency;
			package = 7E02CEFD2A9936C200B4A9B8 /* XCRemoteSwiftPackageReference "firebase-ios-sdk" */;
			productName = FirebaseStorage;
		};
		7E02CF322A9936C200B4A9B8 /* FirebaseStorageCombine-Community */ = {
			isa = XCSwiftPackageProductDependency;
			package = 7E02CEFD2A9936C200B4A9B8 /* XCRemoteSwiftPackageReference "firebase-ios-sdk" */;
			productName = "FirebaseStorageCombine-Community";
		};
/* End XCSwiftPackageProductDependency section */
	};
	rootObject = 7EB7CFD32A5F75B3000B04FE /* Project object */;
}
